// !$*UTF8*$!
{
	archiveVersion = 1;
	classes = {
	};
	objectVersion = 46;
	objects = {

/* Begin PBXBuildFile section */
		096C2BDE2A8F843EBE3985C2 /* libPods-JustWay.a in Frameworks */ = {isa = PBXBuildFile; fileRef = 4A4BC09CFB8DAA7EC1B3F473 /* libPods-JustWay.a */; };
		790D32DD1F050E4600491A7B /* dir_grid_small_ai@2x.png in Resources */ = {isa = PBXBuildFile; fileRef = 790D32AD1F050E4600491A7B /* dir_grid_small_ai@2x.png */; };
		790D32DE1F050E4600491A7B /* dir_grid_small_ai@3x.png in Resources */ = {isa = PBXBuildFile; fileRef = 790D32AE1F050E4600491A7B /* dir_grid_small_ai@3x.png */; };
		790D32DF1F050E4600491A7B /* dir_grid_small_apk@2x.png in Resources */ = {isa = PBXBuildFile; fileRef = 790D32AF1F050E4600491A7B /* dir_grid_small_apk@2x.png */; };
		790D32E01F050E4600491A7B /* dir_grid_small_apk@3x.png in Resources */ = {isa = PBXBuildFile; fileRef = 790D32B01F050E4600491A7B /* dir_grid_small_apk@3x.png */; };
		790D32E11F050E4600491A7B /* dir_grid_small_bat@2x.png in Resources */ = {isa = PBXBuildFile; fileRef = 790D32B11F050E4600491A7B /* dir_grid_small_bat@2x.png */; };
		790D32E21F050E4600491A7B /* dir_grid_small_bat@3x.png in Resources */ = {isa = PBXBuildFile; fileRef = 790D32B21F050E4600491A7B /* dir_grid_small_bat@3x.png */; };
		790D32E31F050E4600491A7B /* dir_grid_small_bmp@2x.png in Resources */ = {isa = PBXBuildFile; fileRef = 790D32B31F050E4600491A7B /* dir_grid_small_bmp@2x.png */; };
		790D32E41F050E4600491A7B /* dir_grid_small_bmp@3x.png in Resources */ = {isa = PBXBuildFile; fileRef = 790D32B41F050E4600491A7B /* dir_grid_small_bmp@3x.png */; };
		790D32E51F050E4600491A7B /* dir_grid_small_doc@2x.png in Resources */ = {isa = PBXBuildFile; fileRef = 790D32B51F050E4600491A7B /* dir_grid_small_doc@2x.png */; };
		790D32E61F050E4600491A7B /* dir_grid_small_doc@3x.png in Resources */ = {isa = PBXBuildFile; fileRef = 790D32B61F050E4600491A7B /* dir_grid_small_doc@3x.png */; };
		790D32E71F050E4600491A7B /* dir_grid_small_hlp@2x.png in Resources */ = {isa = PBXBuildFile; fileRef = 790D32B71F050E4600491A7B /* dir_grid_small_hlp@2x.png */; };
		790D32E81F050E4600491A7B /* dir_grid_small_hlp@3x.png in Resources */ = {isa = PBXBuildFile; fileRef = 790D32B81F050E4600491A7B /* dir_grid_small_hlp@3x.png */; };
		790D32E91F050E4600491A7B /* dir_grid_small_ipa@2x.png in Resources */ = {isa = PBXBuildFile; fileRef = 790D32B91F050E4600491A7B /* dir_grid_small_ipa@2x.png */; };
		790D32EA1F050E4600491A7B /* dir_grid_small_ipa@3x.png in Resources */ = {isa = PBXBuildFile; fileRef = 790D32BA1F050E4600491A7B /* dir_grid_small_ipa@3x.png */; };
		790D32EB1F050E4600491A7B /* dir_grid_small_key@2x.png in Resources */ = {isa = PBXBuildFile; fileRef = 790D32BB1F050E4600491A7B /* dir_grid_small_key@2x.png */; };
		790D32EC1F050E4600491A7B /* dir_grid_small_key@3x.png in Resources */ = {isa = PBXBuildFile; fileRef = 790D32BC1F050E4600491A7B /* dir_grid_small_key@3x.png */; };
		790D32ED1F050E4600491A7B /* dir_grid_small_mov@2x.png in Resources */ = {isa = PBXBuildFile; fileRef = 790D32BD1F050E4600491A7B /* dir_grid_small_mov@2x.png */; };
		790D32EE1F050E4600491A7B /* dir_grid_small_mov@3x.png in Resources */ = {isa = PBXBuildFile; fileRef = 790D32BE1F050E4600491A7B /* dir_grid_small_mov@3x.png */; };
		790D32EF1F050E4600491A7B /* dir_grid_small_mp3@2x.png in Resources */ = {isa = PBXBuildFile; fileRef = 790D32BF1F050E4600491A7B /* dir_grid_small_mp3@2x.png */; };
		790D32F01F050E4600491A7B /* dir_grid_small_mp3@3x.png in Resources */ = {isa = PBXBuildFile; fileRef = 790D32C01F050E4600491A7B /* dir_grid_small_mp3@3x.png */; };
		790D32F51F050E4600491A7B /* dir_grid_small_numbers@2x.png in Resources */ = {isa = PBXBuildFile; fileRef = 790D32C51F050E4600491A7B /* dir_grid_small_numbers@2x.png */; };
		790D32F61F050E4600491A7B /* dir_grid_small_numbers@3x.png in Resources */ = {isa = PBXBuildFile; fileRef = 790D32C61F050E4600491A7B /* dir_grid_small_numbers@3x.png */; };
		790D32F71F050E4600491A7B /* dir_grid_small_pages@2x.png in Resources */ = {isa = PBXBuildFile; fileRef = 790D32C71F050E4600491A7B /* dir_grid_small_pages@2x.png */; };
		790D32F81F050E4600491A7B /* dir_grid_small_pages@3x.png in Resources */ = {isa = PBXBuildFile; fileRef = 790D32C81F050E4600491A7B /* dir_grid_small_pages@3x.png */; };
		790D32F91F050E4600491A7B /* dir_grid_small_pdf@2x.png in Resources */ = {isa = PBXBuildFile; fileRef = 790D32C91F050E4600491A7B /* dir_grid_small_pdf@2x.png */; };
		790D32FA1F050E4600491A7B /* dir_grid_small_pdf@3x.png in Resources */ = {isa = PBXBuildFile; fileRef = 790D32CA1F050E4600491A7B /* dir_grid_small_pdf@3x.png */; };
		790D32FB1F050E4600491A7B /* dir_grid_small_ppt@2x.png in Resources */ = {isa = PBXBuildFile; fileRef = 790D32CB1F050E4600491A7B /* dir_grid_small_ppt@2x.png */; };
		790D32FC1F050E4600491A7B /* dir_grid_small_ppt@3x.png in Resources */ = {isa = PBXBuildFile; fileRef = 790D32CC1F050E4600491A7B /* dir_grid_small_ppt@3x.png */; };
		790D32FD1F050E4600491A7B /* dir_grid_small_psd@2x.png in Resources */ = {isa = PBXBuildFile; fileRef = 790D32CD1F050E4600491A7B /* dir_grid_small_psd@2x.png */; };
		790D32FE1F050E4600491A7B /* dir_grid_small_psd@3x.png in Resources */ = {isa = PBXBuildFile; fileRef = 790D32CE1F050E4600491A7B /* dir_grid_small_psd@3x.png */; };
		790D32FF1F050E4600491A7B /* dir_grid_small_swf@2x.png in Resources */ = {isa = PBXBuildFile; fileRef = 790D32CF1F050E4600491A7B /* dir_grid_small_swf@2x.png */; };
		790D33001F050E4600491A7B /* dir_grid_small_swf@3x.png in Resources */ = {isa = PBXBuildFile; fileRef = 790D32D01F050E4600491A7B /* dir_grid_small_swf@3x.png */; };
		790D33011F050E4600491A7B /* dir_grid_small_txt@2x.png in Resources */ = {isa = PBXBuildFile; fileRef = 790D32D11F050E4600491A7B /* dir_grid_small_txt@2x.png */; };
		790D33021F050E4600491A7B /* dir_grid_small_txt@3x.png in Resources */ = {isa = PBXBuildFile; fileRef = 790D32D21F050E4600491A7B /* dir_grid_small_txt@3x.png */; };
		790D33031F050E4600491A7B /* dir_grid_small_vsd@2x.png in Resources */ = {isa = PBXBuildFile; fileRef = 790D32D31F050E4600491A7B /* dir_grid_small_vsd@2x.png */; };
		790D33041F050E4600491A7B /* dir_grid_small_vsd@3x.png in Resources */ = {isa = PBXBuildFile; fileRef = 790D32D41F050E4600491A7B /* dir_grid_small_vsd@3x.png */; };
		790D33051F050E4600491A7B /* dir_grid_small_xls@2x.png in Resources */ = {isa = PBXBuildFile; fileRef = 790D32D51F050E4600491A7B /* dir_grid_small_xls@2x.png */; };
		790D33061F050E4600491A7B /* dir_grid_small_xls@3x.png in Resources */ = {isa = PBXBuildFile; fileRef = 790D32D61F050E4600491A7B /* dir_grid_small_xls@3x.png */; };
		790D33071F050E4600491A7B /* dir_grid_small_xml@2x.png in Resources */ = {isa = PBXBuildFile; fileRef = 790D32D71F050E4600491A7B /* dir_grid_small_xml@2x.png */; };
		790D33081F050E4600491A7B /* dir_grid_small_xml@3x.png in Resources */ = {isa = PBXBuildFile; fileRef = 790D32D81F050E4600491A7B /* dir_grid_small_xml@3x.png */; };
		790D33091F050E4600491A7B /* dir_grid_small_zip@2x.png in Resources */ = {isa = PBXBuildFile; fileRef = 790D32D91F050E4600491A7B /* dir_grid_small_zip@2x.png */; };
		790D330A1F050E4600491A7B /* dir_grid_small_zip@3x.png in Resources */ = {isa = PBXBuildFile; fileRef = 790D32DA1F050E4600491A7B /* dir_grid_small_zip@3x.png */; };
		790D330B1F050E4600491A7B /* ico_folder_small@2x.png in Resources */ = {isa = PBXBuildFile; fileRef = 790D32DB1F050E4600491A7B /* ico_folder_small@2x.png */; };
		790D330C1F050E4600491A7B /* ico_folder_small@3x.png in Resources */ = {isa = PBXBuildFile; fileRef = 790D32DC1F050E4600491A7B /* ico_folder_small@3x.png */; };
		790D330F1F050FE600491A7B /* NSDate+HJ.m in Sources */ = {isa = PBXBuildFile; fileRef = 790D330E1F050FE600491A7B /* NSDate+HJ.m */; };
		790D33131F06440200491A7B /* HJMusicPlayControlView.m in Sources */ = {isa = PBXBuildFile; fileRef = 790D33121F06440200491A7B /* HJMusicPlayControlView.m */; };
		790D33161F06443E00491A7B /* HJMusicPlayLyricView.m in Sources */ = {isa = PBXBuildFile; fileRef = 790D33151F06443E00491A7B /* HJMusicPlayLyricView.m */; };
		790D33191F06445800491A7B /* HJMusicPlayCoverView.m in Sources */ = {isa = PBXBuildFile; fileRef = 790D33181F06445800491A7B /* HJMusicPlayCoverView.m */; };
		790D331B1F064E2100491A7B /* MusicPlayer.bundle in Resources */ = {isa = PBXBuildFile; fileRef = 790D331A1F064E2100491A7B /* MusicPlayer.bundle */; };
		795A0CFB1F02336F00F02FB4 /* main.m in Sources */ = {isa = PBXBuildFile; fileRef = 795A0CFA1F02336F00F02FB4 /* main.m */; };
		795A0CFE1F02336F00F02FB4 /* AppDelegate.m in Sources */ = {isa = PBXBuildFile; fileRef = 795A0CFD1F02336F00F02FB4 /* AppDelegate.m */; };
		795A0D061F02336F00F02FB4 /* Assets.xcassets in Resources */ = {isa = PBXBuildFile; fileRef = 795A0D051F02336F00F02FB4 /* Assets.xcassets */; };
		795A0D091F02336F00F02FB4 /* LaunchScreen.storyboard in Resources */ = {isa = PBXBuildFile; fileRef = 795A0D071F02336F00F02FB4 /* LaunchScreen.storyboard */; };
		795A0D141F02336F00F02FB4 /* JustWayTests.m in Sources */ = {isa = PBXBuildFile; fileRef = 795A0D131F02336F00F02FB4 /* JustWayTests.m */; };
		795A0D1F1F02336F00F02FB4 /* JustWayUITests.m in Sources */ = {isa = PBXBuildFile; fileRef = 795A0D1E1F02336F00F02FB4 /* JustWayUITests.m */; };
		795A0DCA1F0341D200F02FB4 /* HJNewsViewController.m in Sources */ = {isa = PBXBuildFile; fileRef = 795A0DC91F0341D200F02FB4 /* HJNewsViewController.m */; };
		795A0DCD1F03428400F02FB4 /* HJFilesViewController.m in Sources */ = {isa = PBXBuildFile; fileRef = 795A0DCC1F03428400F02FB4 /* HJFilesViewController.m */; };
		795A0DD01F03428E00F02FB4 /* HJMeViewController.m in Sources */ = {isa = PBXBuildFile; fileRef = 795A0DCF1F03428E00F02FB4 /* HJMeViewController.m */; };
		795A0DF01F034D5C00F02FB4 /* HJNavigationController.m in Sources */ = {isa = PBXBuildFile; fileRef = 795A0DEF1F034D5C00F02FB4 /* HJNavigationController.m */; };
		795A0DF51F03532400F02FB4 /* UIImage+HJ.m in Sources */ = {isa = PBXBuildFile; fileRef = 795A0DF41F03532400F02FB4 /* UIImage+HJ.m */; };
		795A0E091F037F5F00F02FB4 /* HJUploaderServer.m in Sources */ = {isa = PBXBuildFile; fileRef = 795A0E081F037F5F00F02FB4 /* HJUploaderServer.m */; };
		795A0E0E1F03803500F02FB4 /* GCDWebUploader.bundle in Resources */ = {isa = PBXBuildFile; fileRef = 795A0E0B1F03803500F02FB4 /* GCDWebUploader.bundle */; };
		795A0E0F1F03803500F02FB4 /* GCDWebUploader.m in Sources */ = {isa = PBXBuildFile; fileRef = 795A0E0D1F03803500F02FB4 /* GCDWebUploader.m */; };
		795A0E1D1F03804B00F02FB4 /* tab_ic_file@2x.png in Resources */ = {isa = PBXBuildFile; fileRef = 795A0E111F03804B00F02FB4 /* tab_ic_file@2x.png */; };
		795A0E1E1F03804B00F02FB4 /* tab_ic_file@3x.png in Resources */ = {isa = PBXBuildFile; fileRef = 795A0E121F03804B00F02FB4 /* tab_ic_file@3x.png */; };
		795A0E1F1F03804B00F02FB4 /* tab_ic_file_selected@2x.png in Resources */ = {isa = PBXBuildFile; fileRef = 795A0E131F03804B00F02FB4 /* tab_ic_file_selected@2x.png */; };
		795A0E201F03804B00F02FB4 /* tab_ic_file_selected@3x.png in Resources */ = {isa = PBXBuildFile; fileRef = 795A0E141F03804B00F02FB4 /* tab_ic_file_selected@3x.png */; };
		795A0E211F03804B00F02FB4 /* tab_ic_my@2x.png in Resources */ = {isa = PBXBuildFile; fileRef = 795A0E151F03804B00F02FB4 /* tab_ic_my@2x.png */; };
		795A0E221F03804B00F02FB4 /* tab_ic_my@3x.png in Resources */ = {isa = PBXBuildFile; fileRef = 795A0E161F03804B00F02FB4 /* tab_ic_my@3x.png */; };
		795A0E231F03804B00F02FB4 /* tab_ic_my_selected@2x.png in Resources */ = {isa = PBXBuildFile; fileRef = 795A0E171F03804B00F02FB4 /* tab_ic_my_selected@2x.png */; };
		795A0E241F03804B00F02FB4 /* tab_ic_my_selected@3x.png in Resources */ = {isa = PBXBuildFile; fileRef = 795A0E181F03804B00F02FB4 /* tab_ic_my_selected@3x.png */; };
		795A0E251F03804B00F02FB4 /* tab_ic_recent@2x.png in Resources */ = {isa = PBXBuildFile; fileRef = 795A0E191F03804B00F02FB4 /* tab_ic_recent@2x.png */; };
		795A0E261F03804B00F02FB4 /* tab_ic_recent@3x.png in Resources */ = {isa = PBXBuildFile; fileRef = 795A0E1A1F03804B00F02FB4 /* tab_ic_recent@3x.png */; };
		795A0E271F03804B00F02FB4 /* tab_ic_recent_selected@2x.png in Resources */ = {isa = PBXBuildFile; fileRef = 795A0E1B1F03804B00F02FB4 /* tab_ic_recent_selected@2x.png */; };
		795A0E281F03804B00F02FB4 /* tab_ic_recent_selected@3x.png in Resources */ = {isa = PBXBuildFile; fileRef = 795A0E1C1F03804B00F02FB4 /* tab_ic_recent_selected@3x.png */; };
		795A0E2B1F038BF200F02FB4 /* HJConfig.m in Sources */ = {isa = PBXBuildFile; fileRef = 795A0E2A1F038BF200F02FB4 /* HJConfig.m */; };
		795A0E2E1F0391E600F02FB4 /* HJTools.m in Sources */ = {isa = PBXBuildFile; fileRef = 795A0E2D1F0391E600F02FB4 /* HJTools.m */; };
		795A0E311F03B43200F02FB4 /* HJMusicPlayer.m in Sources */ = {isa = PBXBuildFile; fileRef = 795A0E301F03B43200F02FB4 /* HJMusicPlayer.m */; };
		795A0E341F03B64000F02FB4 /* HJWeakTimer.m in Sources */ = {isa = PBXBuildFile; fileRef = 795A0E331F03B64000F02FB4 /* HJWeakTimer.m */; };
		795A0E391F03B84B00F02FB4 /* HJMusicPlayViewController.m in Sources */ = {isa = PBXBuildFile; fileRef = 795A0E381F03B84B00F02FB4 /* HJMusicPlayViewController.m */; };
		795A0E3C1F04DC5600F02FB4 /* HJBaseViewController.m in Sources */ = {isa = PBXBuildFile; fileRef = 795A0E3B1F04DC5600F02FB4 /* HJBaseViewController.m */; };
		795A0E4A1F04E7A700F02FB4 /* HJNewsTableViewCell.m in Sources */ = {isa = PBXBuildFile; fileRef = 795A0E491F04E7A700F02FB4 /* HJNewsTableViewCell.m */; };
		795A0E4D1F04E7B800F02FB4 /* HJNewsModel.m in Sources */ = {isa = PBXBuildFile; fileRef = 795A0E4C1F04E7B800F02FB4 /* HJNewsModel.m */; };
		795DB7B11F068D9C00172BD4 /* image.png in Resources */ = {isa = PBXBuildFile; fileRef = 795DB7B01F068D9C00172BD4 /* image.png */; };
		B566C31F4241B0AD7CDD907D /* libPods-JustWayTests.a in Frameworks */ = {isa = PBXBuildFile; fileRef = C7C0C7EBB2C17F7F30782183 /* libPods-JustWayTests.a */; };
		D9B7170B3AE375552987F35A /* libPods-JustWayUITests.a in Frameworks */ = {isa = PBXBuildFile; fileRef = 97EAF55DB5741F2E219C9E45 /* libPods-JustWayUITests.a */; };
/* End PBXBuildFile section */

/* Begin PBXContainerItemProxy section */
		795A0D101F02336F00F02FB4 /* PBXContainerItemProxy */ = {
			isa = PBXContainerItemProxy;
			containerPortal = 795A0CEE1F02336F00F02FB4 /* Project object */;
			proxyType = 1;
			remoteGlobalIDString = 795A0CF51F02336F00F02FB4;
			remoteInfo = JustWay;
		};
		795A0D1B1F02336F00F02FB4 /* PBXContainerItemProxy */ = {
			isa = PBXContainerItemProxy;
			containerPortal = 795A0CEE1F02336F00F02FB4 /* Project object */;
			proxyType = 1;
			remoteGlobalIDString = 795A0CF51F02336F00F02FB4;
			remoteInfo = JustWay;
		};
/* End PBXContainerItemProxy section */

/* Begin PBXFileReference section */
		0E3F7CC21FC24A2AD0E60233 /* Pods-JustWayUITests.release.xcconfig */ = {isa = PBXFileReference; includeInIndex = 1; lastKnownFileType = text.xcconfig; name = "Pods-JustWayUITests.release.xcconfig"; path = "Pods/Target Support Files/Pods-JustWayUITests/Pods-JustWayUITests.release.xcconfig"; sourceTree = "<group>"; };
		3A0453F26E7CBE4938420C33 /* Pods-JustWay.debug.xcconfig */ = {isa = PBXFileReference; includeInIndex = 1; lastKnownFileType = text.xcconfig; name = "Pods-JustWay.debug.xcconfig"; path = "Pods/Target Support Files/Pods-JustWay/Pods-JustWay.debug.xcconfig"; sourceTree = "<group>"; };
		4A4BC09CFB8DAA7EC1B3F473 /* libPods-JustWay.a */ = {isa = PBXFileReference; explicitFileType = archive.ar; includeInIndex = 0; path = "libPods-JustWay.a"; sourceTree = BUILT_PRODUCTS_DIR; };
		59820CA5EDA4B4D5E1F20705 /* Pods-JustWayTests.release.xcconfig */ = {isa = PBXFileReference; includeInIndex = 1; lastKnownFileType = text.xcconfig; name = "Pods-JustWayTests.release.xcconfig"; path = "Pods/Target Support Files/Pods-JustWayTests/Pods-JustWayTests.release.xcconfig"; sourceTree = "<group>"; };
		790D32AD1F050E4600491A7B /* dir_grid_small_ai@2x.png */ = {isa = PBXFileReference; lastKnownFileType = image.png; path = "dir_grid_small_ai@2x.png"; sourceTree = "<group>"; };
		790D32AE1F050E4600491A7B /* dir_grid_small_ai@3x.png */ = {isa = PBXFileReference; lastKnownFileType = image.png; path = "dir_grid_small_ai@3x.png"; sourceTree = "<group>"; };
		790D32AF1F050E4600491A7B /* dir_grid_small_apk@2x.png */ = {isa = PBXFileReference; lastKnownFileType = image.png; path = "dir_grid_small_apk@2x.png"; sourceTree = "<group>"; };
		790D32B01F050E4600491A7B /* dir_grid_small_apk@3x.png */ = {isa = PBXFileReference; lastKnownFileType = image.png; path = "dir_grid_small_apk@3x.png"; sourceTree = "<group>"; };
		790D32B11F050E4600491A7B /* dir_grid_small_bat@2x.png */ = {isa = PBXFileReference; lastKnownFileType = image.png; path = "dir_grid_small_bat@2x.png"; sourceTree = "<group>"; };
		790D32B21F050E4600491A7B /* dir_grid_small_bat@3x.png */ = {isa = PBXFileReference; lastKnownFileType = image.png; path = "dir_grid_small_bat@3x.png"; sourceTree = "<group>"; };
		790D32B31F050E4600491A7B /* dir_grid_small_bmp@2x.png */ = {isa = PBXFileReference; lastKnownFileType = image.png; path = "dir_grid_small_bmp@2x.png"; sourceTree = "<group>"; };
		790D32B41F050E4600491A7B /* dir_grid_small_bmp@3x.png */ = {isa = PBXFileReference; lastKnownFileType = image.png; path = "dir_grid_small_bmp@3x.png"; sourceTree = "<group>"; };
		790D32B51F050E4600491A7B /* dir_grid_small_doc@2x.png */ = {isa = PBXFileReference; lastKnownFileType = image.png; path = "dir_grid_small_doc@2x.png"; sourceTree = "<group>"; };
		790D32B61F050E4600491A7B /* dir_grid_small_doc@3x.png */ = {isa = PBXFileReference; lastKnownFileType = image.png; path = "dir_grid_small_doc@3x.png"; sourceTree = "<group>"; };
		790D32B71F050E4600491A7B /* dir_grid_small_hlp@2x.png */ = {isa = PBXFileReference; lastKnownFileType = image.png; path = "dir_grid_small_hlp@2x.png"; sourceTree = "<group>"; };
		790D32B81F050E4600491A7B /* dir_grid_small_hlp@3x.png */ = {isa = PBXFileReference; lastKnownFileType = image.png; path = "dir_grid_small_hlp@3x.png"; sourceTree = "<group>"; };
		790D32B91F050E4600491A7B /* dir_grid_small_ipa@2x.png */ = {isa = PBXFileReference; lastKnownFileType = image.png; path = "dir_grid_small_ipa@2x.png"; sourceTree = "<group>"; };
		790D32BA1F050E4600491A7B /* dir_grid_small_ipa@3x.png */ = {isa = PBXFileReference; lastKnownFileType = image.png; path = "dir_grid_small_ipa@3x.png"; sourceTree = "<group>"; };
		790D32BB1F050E4600491A7B /* dir_grid_small_key@2x.png */ = {isa = PBXFileReference; lastKnownFileType = image.png; path = "dir_grid_small_key@2x.png"; sourceTree = "<group>"; };
		790D32BC1F050E4600491A7B /* dir_grid_small_key@3x.png */ = {isa = PBXFileReference; lastKnownFileType = image.png; path = "dir_grid_small_key@3x.png"; sourceTree = "<group>"; };
		790D32BD1F050E4600491A7B /* dir_grid_small_mov@2x.png */ = {isa = PBXFileReference; lastKnownFileType = image.png; path = "dir_grid_small_mov@2x.png"; sourceTree = "<group>"; };
		790D32BE1F050E4600491A7B /* dir_grid_small_mov@3x.png */ = {isa = PBXFileReference; lastKnownFileType = image.png; path = "dir_grid_small_mov@3x.png"; sourceTree = "<group>"; };
		790D32BF1F050E4600491A7B /* dir_grid_small_mp3@2x.png */ = {isa = PBXFileReference; lastKnownFileType = image.png; path = "dir_grid_small_mp3@2x.png"; sourceTree = "<group>"; };
		790D32C01F050E4600491A7B /* dir_grid_small_mp3@3x.png */ = {isa = PBXFileReference; lastKnownFileType = image.png; path = "dir_grid_small_mp3@3x.png"; sourceTree = "<group>"; };
		790D32C51F050E4600491A7B /* dir_grid_small_numbers@2x.png */ = {isa = PBXFileReference; lastKnownFileType = image.png; path = "dir_grid_small_numbers@2x.png"; sourceTree = "<group>"; };
		790D32C61F050E4600491A7B /* dir_grid_small_numbers@3x.png */ = {isa = PBXFileReference; lastKnownFileType = image.png; path = "dir_grid_small_numbers@3x.png"; sourceTree = "<group>"; };
		790D32C71F050E4600491A7B /* dir_grid_small_pages@2x.png */ = {isa = PBXFileReference; lastKnownFileType = image.png; path = "dir_grid_small_pages@2x.png"; sourceTree = "<group>"; };
		790D32C81F050E4600491A7B /* dir_grid_small_pages@3x.png */ = {isa = PBXFileReference; lastKnownFileType = image.png; path = "dir_grid_small_pages@3x.png"; sourceTree = "<group>"; };
		790D32C91F050E4600491A7B /* dir_grid_small_pdf@2x.png */ = {isa = PBXFileReference; lastKnownFileType = image.png; path = "dir_grid_small_pdf@2x.png"; sourceTree = "<group>"; };
		790D32CA1F050E4600491A7B /* dir_grid_small_pdf@3x.png */ = {isa = PBXFileReference; lastKnownFileType = image.png; path = "dir_grid_small_pdf@3x.png"; sourceTree = "<group>"; };
		790D32CB1F050E4600491A7B /* dir_grid_small_ppt@2x.png */ = {isa = PBXFileReference; lastKnownFileType = image.png; path = "dir_grid_small_ppt@2x.png"; sourceTree = "<group>"; };
		790D32CC1F050E4600491A7B /* dir_grid_small_ppt@3x.png */ = {isa = PBXFileReference; lastKnownFileType = image.png; path = "dir_grid_small_ppt@3x.png"; sourceTree = "<group>"; };
		790D32CD1F050E4600491A7B /* dir_grid_small_psd@2x.png */ = {isa = PBXFileReference; lastKnownFileType = image.png; path = "dir_grid_small_psd@2x.png"; sourceTree = "<group>"; };
		790D32CE1F050E4600491A7B /* dir_grid_small_psd@3x.png */ = {isa = PBXFileReference; lastKnownFileType = image.png; path = "dir_grid_small_psd@3x.png"; sourceTree = "<group>"; };
		790D32CF1F050E4600491A7B /* dir_grid_small_swf@2x.png */ = {isa = PBXFileReference; lastKnownFileType = image.png; path = "dir_grid_small_swf@2x.png"; sourceTree = "<group>"; };
		790D32D01F050E4600491A7B /* dir_grid_small_swf@3x.png */ = {isa = PBXFileReference; lastKnownFileType = image.png; path = "dir_grid_small_swf@3x.png"; sourceTree = "<group>"; };
		790D32D11F050E4600491A7B /* dir_grid_small_txt@2x.png */ = {isa = PBXFileReference; lastKnownFileType = image.png; path = "dir_grid_small_txt@2x.png"; sourceTree = "<group>"; };
		790D32D21F050E4600491A7B /* dir_grid_small_txt@3x.png */ = {isa = PBXFileReference; lastKnownFileType = image.png; path = "dir_grid_small_txt@3x.png"; sourceTree = "<group>"; };
		790D32D31F050E4600491A7B /* dir_grid_small_vsd@2x.png */ = {isa = PBXFileReference; lastKnownFileType = image.png; path = "dir_grid_small_vsd@2x.png"; sourceTree = "<group>"; };
		790D32D41F050E4600491A7B /* dir_grid_small_vsd@3x.png */ = {isa = PBXFileReference; lastKnownFileType = image.png; path = "dir_grid_small_vsd@3x.png"; sourceTree = "<group>"; };
		790D32D51F050E4600491A7B /* dir_grid_small_xls@2x.png */ = {isa = PBXFileReference; lastKnownFileType = image.png; path = "dir_grid_small_xls@2x.png"; sourceTree = "<group>"; };
		790D32D61F050E4600491A7B /* dir_grid_small_xls@3x.png */ = {isa = PBXFileReference; lastKnownFileType = image.png; path = "dir_grid_small_xls@3x.png"; sourceTree = "<group>"; };
		790D32D71F050E4600491A7B /* dir_grid_small_xml@2x.png */ = {isa = PBXFileReference; lastKnownFileType = image.png; path = "dir_grid_small_xml@2x.png"; sourceTree = "<group>"; };
		790D32D81F050E4600491A7B /* dir_grid_small_xml@3x.png */ = {isa = PBXFileReference; lastKnownFileType = image.png; path = "dir_grid_small_xml@3x.png"; sourceTree = "<group>"; };
		790D32D91F050E4600491A7B /* dir_grid_small_zip@2x.png */ = {isa = PBXFileReference; lastKnownFileType = image.png; path = "dir_grid_small_zip@2x.png"; sourceTree = "<group>"; };
		790D32DA1F050E4600491A7B /* dir_grid_small_zip@3x.png */ = {isa = PBXFileReference; lastKnownFileType = image.png; path = "dir_grid_small_zip@3x.png"; sourceTree = "<group>"; };
		790D32DB1F050E4600491A7B /* ico_folder_small@2x.png */ = {isa = PBXFileReference; lastKnownFileType = image.png; path = "ico_folder_small@2x.png"; sourceTree = "<group>"; };
		790D32DC1F050E4600491A7B /* ico_folder_small@3x.png */ = {isa = PBXFileReference; lastKnownFileType = image.png; path = "ico_folder_small@3x.png"; sourceTree = "<group>"; };
		790D330D1F050FE600491A7B /* NSDate+HJ.h */ = {isa = PBXFileReference; fileEncoding = 4; lastKnownFileType = sourcecode.c.h; path = "NSDate+HJ.h"; sourceTree = "<group>"; };
		790D330E1F050FE600491A7B /* NSDate+HJ.m */ = {isa = PBXFileReference; fileEncoding = 4; lastKnownFileType = sourcecode.c.objc; path = "NSDate+HJ.m"; sourceTree = "<group>"; };
		790D33111F06440200491A7B /* HJMusicPlayControlView.h */ = {isa = PBXFileReference; fileEncoding = 4; lastKnownFileType = sourcecode.c.h; path = HJMusicPlayControlView.h; sourceTree = "<group>"; };
		790D33121F06440200491A7B /* HJMusicPlayControlView.m */ = {isa = PBXFileReference; fileEncoding = 4; lastKnownFileType = sourcecode.c.objc; path = HJMusicPlayControlView.m; sourceTree = "<group>"; };
		790D33141F06443E00491A7B /* HJMusicPlayLyricView.h */ = {isa = PBXFileReference; fileEncoding = 4; lastKnownFileType = sourcecode.c.h; path = HJMusicPlayLyricView.h; sourceTree = "<group>"; };
		790D33151F06443E00491A7B /* HJMusicPlayLyricView.m */ = {isa = PBXFileReference; fileEncoding = 4; lastKnownFileType = sourcecode.c.objc; path = HJMusicPlayLyricView.m; sourceTree = "<group>"; };
		790D33171F06445800491A7B /* HJMusicPlayCoverView.h */ = {isa = PBXFileReference; fileEncoding = 4; lastKnownFileType = sourcecode.c.h; path = HJMusicPlayCoverView.h; sourceTree = "<group>"; };
		790D33181F06445800491A7B /* HJMusicPlayCoverView.m */ = {isa = PBXFileReference; fileEncoding = 4; lastKnownFileType = sourcecode.c.objc; path = HJMusicPlayCoverView.m; sourceTree = "<group>"; };
		790D331A1F064E2100491A7B /* MusicPlayer.bundle */ = {isa = PBXFileReference; lastKnownFileType = "wrapper.plug-in"; path = MusicPlayer.bundle; sourceTree = "<group>"; };
		795A0CF61F02336F00F02FB4 /* JustWay.app */ = {isa = PBXFileReference; explicitFileType = wrapper.application; includeInIndex = 0; path = JustWay.app; sourceTree = BUILT_PRODUCTS_DIR; };
		795A0CFA1F02336F00F02FB4 /* main.m */ = {isa = PBXFileReference; lastKnownFileType = sourcecode.c.objc; path = main.m; sourceTree = "<group>"; };
		795A0CFC1F02336F00F02FB4 /* AppDelegate.h */ = {isa = PBXFileReference; lastKnownFileType = sourcecode.c.h; path = AppDelegate.h; sourceTree = "<group>"; };
		795A0CFD1F02336F00F02FB4 /* AppDelegate.m */ = {isa = PBXFileReference; lastKnownFileType = sourcecode.c.objc; path = AppDelegate.m; sourceTree = "<group>"; };
		795A0D051F02336F00F02FB4 /* Assets.xcassets */ = {isa = PBXFileReference; lastKnownFileType = folder.assetcatalog; path = Assets.xcassets; sourceTree = "<group>"; };
		795A0D081F02336F00F02FB4 /* Base */ = {isa = PBXFileReference; lastKnownFileType = file.storyboard; name = Base; path = Base.lproj/LaunchScreen.storyboard; sourceTree = "<group>"; };
		795A0D0A1F02336F00F02FB4 /* Info.plist */ = {isa = PBXFileReference; lastKnownFileType = text.plist.xml; path = Info.plist; sourceTree = "<group>"; };
		795A0D0F1F02336F00F02FB4 /* JustWayTests.xctest */ = {isa = PBXFileReference; explicitFileType = wrapper.cfbundle; includeInIndex = 0; path = JustWayTests.xctest; sourceTree = BUILT_PRODUCTS_DIR; };
		795A0D131F02336F00F02FB4 /* JustWayTests.m */ = {isa = PBXFileReference; lastKnownFileType = sourcecode.c.objc; path = JustWayTests.m; sourceTree = "<group>"; };
		795A0D151F02336F00F02FB4 /* Info.plist */ = {isa = PBXFileReference; lastKnownFileType = text.plist.xml; path = Info.plist; sourceTree = "<group>"; };
		795A0D1A1F02336F00F02FB4 /* JustWayUITests.xctest */ = {isa = PBXFileReference; explicitFileType = wrapper.cfbundle; includeInIndex = 0; path = JustWayUITests.xctest; sourceTree = BUILT_PRODUCTS_DIR; };
		795A0D1E1F02336F00F02FB4 /* JustWayUITests.m */ = {isa = PBXFileReference; lastKnownFileType = sourcecode.c.objc; path = JustWayUITests.m; sourceTree = "<group>"; };
		795A0D201F02336F00F02FB4 /* Info.plist */ = {isa = PBXFileReference; lastKnownFileType = text.plist.xml; path = Info.plist; sourceTree = "<group>"; };
		795A0DC81F0341D200F02FB4 /* HJNewsViewController.h */ = {isa = PBXFileReference; fileEncoding = 4; lastKnownFileType = sourcecode.c.h; path = HJNewsViewController.h; sourceTree = "<group>"; };
		795A0DC91F0341D200F02FB4 /* HJNewsViewController.m */ = {isa = PBXFileReference; fileEncoding = 4; lastKnownFileType = sourcecode.c.objc; path = HJNewsViewController.m; sourceTree = "<group>"; };
		795A0DCB1F03428400F02FB4 /* HJFilesViewController.h */ = {isa = PBXFileReference; fileEncoding = 4; lastKnownFileType = sourcecode.c.h; path = HJFilesViewController.h; sourceTree = "<group>"; };
		795A0DCC1F03428400F02FB4 /* HJFilesViewController.m */ = {isa = PBXFileReference; fileEncoding = 4; lastKnownFileType = sourcecode.c.objc; path = HJFilesViewController.m; sourceTree = "<group>"; };
		795A0DCE1F03428E00F02FB4 /* HJMeViewController.h */ = {isa = PBXFileReference; fileEncoding = 4; lastKnownFileType = sourcecode.c.h; path = HJMeViewController.h; sourceTree = "<group>"; };
		795A0DCF1F03428E00F02FB4 /* HJMeViewController.m */ = {isa = PBXFileReference; fileEncoding = 4; lastKnownFileType = sourcecode.c.objc; path = HJMeViewController.m; sourceTree = "<group>"; };
		795A0DEE1F034D5C00F02FB4 /* HJNavigationController.h */ = {isa = PBXFileReference; fileEncoding = 4; lastKnownFileType = sourcecode.c.h; path = HJNavigationController.h; sourceTree = "<group>"; };
		795A0DEF1F034D5C00F02FB4 /* HJNavigationController.m */ = {isa = PBXFileReference; fileEncoding = 4; lastKnownFileType = sourcecode.c.objc; path = HJNavigationController.m; sourceTree = "<group>"; };
		795A0DF31F03532400F02FB4 /* UIImage+HJ.h */ = {isa = PBXFileReference; fileEncoding = 4; lastKnownFileType = sourcecode.c.h; path = "UIImage+HJ.h"; sourceTree = "<group>"; };
		795A0DF41F03532400F02FB4 /* UIImage+HJ.m */ = {isa = PBXFileReference; fileEncoding = 4; lastKnownFileType = sourcecode.c.objc; path = "UIImage+HJ.m"; sourceTree = "<group>"; };
		795A0DFD1F035B2B00F02FB4 /* PrefixHeader.pch */ = {isa = PBXFileReference; lastKnownFileType = sourcecode.c.h; path = PrefixHeader.pch; sourceTree = "<group>"; };
		795A0E071F037F5F00F02FB4 /* HJUploaderServer.h */ = {isa = PBXFileReference; fileEncoding = 4; lastKnownFileType = sourcecode.c.h; path = HJUploaderServer.h; sourceTree = "<group>"; };
		795A0E081F037F5F00F02FB4 /* HJUploaderServer.m */ = {isa = PBXFileReference; fileEncoding = 4; lastKnownFileType = sourcecode.c.objc; path = HJUploaderServer.m; sourceTree = "<group>"; };
		795A0E0B1F03803500F02FB4 /* GCDWebUploader.bundle */ = {isa = PBXFileReference; lastKnownFileType = "wrapper.plug-in"; path = GCDWebUploader.bundle; sourceTree = "<group>"; };
		795A0E0C1F03803500F02FB4 /* GCDWebUploader.h */ = {isa = PBXFileReference; fileEncoding = 4; lastKnownFileType = sourcecode.c.h; path = GCDWebUploader.h; sourceTree = "<group>"; };
		795A0E0D1F03803500F02FB4 /* GCDWebUploader.m */ = {isa = PBXFileReference; fileEncoding = 4; lastKnownFileType = sourcecode.c.objc; path = GCDWebUploader.m; sourceTree = "<group>"; };
		795A0E111F03804B00F02FB4 /* tab_ic_file@2x.png */ = {isa = PBXFileReference; lastKnownFileType = image.png; path = "tab_ic_file@2x.png"; sourceTree = "<group>"; };
		795A0E121F03804B00F02FB4 /* tab_ic_file@3x.png */ = {isa = PBXFileReference; lastKnownFileType = image.png; path = "tab_ic_file@3x.png"; sourceTree = "<group>"; };
		795A0E131F03804B00F02FB4 /* tab_ic_file_selected@2x.png */ = {isa = PBXFileReference; lastKnownFileType = image.png; path = "tab_ic_file_selected@2x.png"; sourceTree = "<group>"; };
		795A0E141F03804B00F02FB4 /* tab_ic_file_selected@3x.png */ = {isa = PBXFileReference; lastKnownFileType = image.png; path = "tab_ic_file_selected@3x.png"; sourceTree = "<group>"; };
		795A0E151F03804B00F02FB4 /* tab_ic_my@2x.png */ = {isa = PBXFileReference; lastKnownFileType = image.png; path = "tab_ic_my@2x.png"; sourceTree = "<group>"; };
		795A0E161F03804B00F02FB4 /* tab_ic_my@3x.png */ = {isa = PBXFileReference; lastKnownFileType = image.png; path = "tab_ic_my@3x.png"; sourceTree = "<group>"; };
		795A0E171F03804B00F02FB4 /* tab_ic_my_selected@2x.png */ = {isa = PBXFileReference; lastKnownFileType = image.png; path = "tab_ic_my_selected@2x.png"; sourceTree = "<group>"; };
		795A0E181F03804B00F02FB4 /* tab_ic_my_selected@3x.png */ = {isa = PBXFileReference; lastKnownFileType = image.png; path = "tab_ic_my_selected@3x.png"; sourceTree = "<group>"; };
		795A0E191F03804B00F02FB4 /* tab_ic_recent@2x.png */ = {isa = PBXFileReference; lastKnownFileType = image.png; path = "tab_ic_recent@2x.png"; sourceTree = "<group>"; };
		795A0E1A1F03804B00F02FB4 /* tab_ic_recent@3x.png */ = {isa = PBXFileReference; lastKnownFileType = image.png; path = "tab_ic_recent@3x.png"; sourceTree = "<group>"; };
		795A0E1B1F03804B00F02FB4 /* tab_ic_recent_selected@2x.png */ = {isa = PBXFileReference; lastKnownFileType = image.png; path = "tab_ic_recent_selected@2x.png"; sourceTree = "<group>"; };
		795A0E1C1F03804B00F02FB4 /* tab_ic_recent_selected@3x.png */ = {isa = PBXFileReference; lastKnownFileType = image.png; path = "tab_ic_recent_selected@3x.png"; sourceTree = "<group>"; };
		795A0E291F038BF200F02FB4 /* HJConfig.h */ = {isa = PBXFileReference; fileEncoding = 4; lastKnownFileType = sourcecode.c.h; path = HJConfig.h; sourceTree = "<group>"; };
		795A0E2A1F038BF200F02FB4 /* HJConfig.m */ = {isa = PBXFileReference; fileEncoding = 4; lastKnownFileType = sourcecode.c.objc; path = HJConfig.m; sourceTree = "<group>"; };
		795A0E2C1F0391E600F02FB4 /* HJTools.h */ = {isa = PBXFileReference; fileEncoding = 4; lastKnownFileType = sourcecode.c.h; path = HJTools.h; sourceTree = "<group>"; };
		795A0E2D1F0391E600F02FB4 /* HJTools.m */ = {isa = PBXFileReference; fileEncoding = 4; lastKnownFileType = sourcecode.c.objc; path = HJTools.m; sourceTree = "<group>"; };
		795A0E2F1F03B43200F02FB4 /* HJMusicPlayer.h */ = {isa = PBXFileReference; fileEncoding = 4; lastKnownFileType = sourcecode.c.h; path = HJMusicPlayer.h; sourceTree = "<group>"; };
		795A0E301F03B43200F02FB4 /* HJMusicPlayer.m */ = {isa = PBXFileReference; fileEncoding = 4; lastKnownFileType = sourcecode.c.objc; path = HJMusicPlayer.m; sourceTree = "<group>"; };
		795A0E321F03B64000F02FB4 /* HJWeakTimer.h */ = {isa = PBXFileReference; fileEncoding = 4; lastKnownFileType = sourcecode.c.h; path = HJWeakTimer.h; sourceTree = "<group>"; };
		795A0E331F03B64000F02FB4 /* HJWeakTimer.m */ = {isa = PBXFileReference; fileEncoding = 4; lastKnownFileType = sourcecode.c.objc; path = HJWeakTimer.m; sourceTree = "<group>"; };
		795A0E371F03B84B00F02FB4 /* HJMusicPlayViewController.h */ = {isa = PBXFileReference; fileEncoding = 4; lastKnownFileType = sourcecode.c.h; path = HJMusicPlayViewController.h; sourceTree = "<group>"; };
		795A0E381F03B84B00F02FB4 /* HJMusicPlayViewController.m */ = {isa = PBXFileReference; fileEncoding = 4; lastKnownFileType = sourcecode.c.objc; path = HJMusicPlayViewController.m; sourceTree = "<group>"; };
		795A0E3A1F04DC5600F02FB4 /* HJBaseViewController.h */ = {isa = PBXFileReference; fileEncoding = 4; lastKnownFileType = sourcecode.c.h; path = HJBaseViewController.h; sourceTree = "<group>"; };
		795A0E3B1F04DC5600F02FB4 /* HJBaseViewController.m */ = {isa = PBXFileReference; fileEncoding = 4; lastKnownFileType = sourcecode.c.objc; path = HJBaseViewController.m; sourceTree = "<group>"; };
		795A0E481F04E7A700F02FB4 /* HJNewsTableViewCell.h */ = {isa = PBXFileReference; fileEncoding = 4; lastKnownFileType = sourcecode.c.h; path = HJNewsTableViewCell.h; sourceTree = "<group>"; };
		795A0E491F04E7A700F02FB4 /* HJNewsTableViewCell.m */ = {isa = PBXFileReference; fileEncoding = 4; lastKnownFileType = sourcecode.c.objc; path = HJNewsTableViewCell.m; sourceTree = "<group>"; };
		795A0E4B1F04E7B800F02FB4 /* HJNewsModel.h */ = {isa = PBXFileReference; fileEncoding = 4; lastKnownFileType = sourcecode.c.h; path = HJNewsModel.h; sourceTree = "<group>"; };
		795A0E4C1F04E7B800F02FB4 /* HJNewsModel.m */ = {isa = PBXFileReference; fileEncoding = 4; lastKnownFileType = sourcecode.c.objc; path = HJNewsModel.m; sourceTree = "<group>"; };
		795DB7B01F068D9C00172BD4 /* image.png */ = {isa = PBXFileReference; lastKnownFileType = image.png; path = image.png; sourceTree = "<group>"; };
		79DB9D0F2F47E828322B8B57 /* Pods-JustWay.release.xcconfig */ = {isa = PBXFileReference; includeInIndex = 1; lastKnownFileType = text.xcconfig; name = "Pods-JustWay.release.xcconfig"; path = "Pods/Target Support Files/Pods-JustWay/Pods-JustWay.release.xcconfig"; sourceTree = "<group>"; };
		97EAF55DB5741F2E219C9E45 /* libPods-JustWayUITests.a */ = {isa = PBXFileReference; explicitFileType = archive.ar; includeInIndex = 0; path = "libPods-JustWayUITests.a"; sourceTree = BUILT_PRODUCTS_DIR; };
		B486C229E8BF6F76F5885B55 /* Pods-JustWayUITests.debug.xcconfig */ = {isa = PBXFileReference; includeInIndex = 1; lastKnownFileType = text.xcconfig; name = "Pods-JustWayUITests.debug.xcconfig"; path = "Pods/Target Support Files/Pods-JustWayUITests/Pods-JustWayUITests.debug.xcconfig"; sourceTree = "<group>"; };
		C7C0C7EBB2C17F7F30782183 /* libPods-JustWayTests.a */ = {isa = PBXFileReference; explicitFileType = archive.ar; includeInIndex = 0; path = "libPods-JustWayTests.a"; sourceTree = BUILT_PRODUCTS_DIR; };
		D934A630CD2C491B9221004B /* Pods-JustWayTests.debug.xcconfig */ = {isa = PBXFileReference; includeInIndex = 1; lastKnownFileType = text.xcconfig; name = "Pods-JustWayTests.debug.xcconfig"; path = "Pods/Target Support Files/Pods-JustWayTests/Pods-JustWayTests.debug.xcconfig"; sourceTree = "<group>"; };
/* End PBXFileReference section */

/* Begin PBXFrameworksBuildPhase section */
		795A0CF31F02336F00F02FB4 /* Frameworks */ = {
			isa = PBXFrameworksBuildPhase;
			buildActionMask = 2147483647;
			files = (
				096C2BDE2A8F843EBE3985C2 /* libPods-JustWay.a in Frameworks */,
			);
			runOnlyForDeploymentPostprocessing = 0;
		};
		795A0D0C1F02336F00F02FB4 /* Frameworks */ = {
			isa = PBXFrameworksBuildPhase;
			buildActionMask = 2147483647;
			files = (
				B566C31F4241B0AD7CDD907D /* libPods-JustWayTests.a in Frameworks */,
			);
			runOnlyForDeploymentPostprocessing = 0;
		};
		795A0D171F02336F00F02FB4 /* Frameworks */ = {
			isa = PBXFrameworksBuildPhase;
			buildActionMask = 2147483647;
			files = (
				D9B7170B3AE375552987F35A /* libPods-JustWayUITests.a in Frameworks */,
			);
			runOnlyForDeploymentPostprocessing = 0;
		};
/* End PBXFrameworksBuildPhase section */

/* Begin PBXGroup section */
		790D32AC1F050B3A00491A7B /* News */ = {
			isa = PBXGroup;
			children = (
				790D32AD1F050E4600491A7B /* dir_grid_small_ai@2x.png */,
				790D32AE1F050E4600491A7B /* dir_grid_small_ai@3x.png */,
				790D32AF1F050E4600491A7B /* dir_grid_small_apk@2x.png */,
				790D32B01F050E4600491A7B /* dir_grid_small_apk@3x.png */,
				790D32B11F050E4600491A7B /* dir_grid_small_bat@2x.png */,
				790D32B21F050E4600491A7B /* dir_grid_small_bat@3x.png */,
				790D32B31F050E4600491A7B /* dir_grid_small_bmp@2x.png */,
				790D32B41F050E4600491A7B /* dir_grid_small_bmp@3x.png */,
				790D32B51F050E4600491A7B /* dir_grid_small_doc@2x.png */,
				790D32B61F050E4600491A7B /* dir_grid_small_doc@3x.png */,
				790D32B71F050E4600491A7B /* dir_grid_small_hlp@2x.png */,
				790D32B81F050E4600491A7B /* dir_grid_small_hlp@3x.png */,
				790D32B91F050E4600491A7B /* dir_grid_small_ipa@2x.png */,
				790D32BA1F050E4600491A7B /* dir_grid_small_ipa@3x.png */,
				790D32BB1F050E4600491A7B /* dir_grid_small_key@2x.png */,
				790D32BC1F050E4600491A7B /* dir_grid_small_key@3x.png */,
				790D32BD1F050E4600491A7B /* dir_grid_small_mov@2x.png */,
				790D32BE1F050E4600491A7B /* dir_grid_small_mov@3x.png */,
				790D32BF1F050E4600491A7B /* dir_grid_small_mp3@2x.png */,
				790D32C01F050E4600491A7B /* dir_grid_small_mp3@3x.png */,
				790D32C51F050E4600491A7B /* dir_grid_small_numbers@2x.png */,
				790D32C61F050E4600491A7B /* dir_grid_small_numbers@3x.png */,
				790D32C71F050E4600491A7B /* dir_grid_small_pages@2x.png */,
				790D32C81F050E4600491A7B /* dir_grid_small_pages@3x.png */,
				790D32C91F050E4600491A7B /* dir_grid_small_pdf@2x.png */,
				790D32CA1F050E4600491A7B /* dir_grid_small_pdf@3x.png */,
				790D32CB1F050E4600491A7B /* dir_grid_small_ppt@2x.png */,
				790D32CC1F050E4600491A7B /* dir_grid_small_ppt@3x.png */,
				790D32CD1F050E4600491A7B /* dir_grid_small_psd@2x.png */,
				790D32CE1F050E4600491A7B /* dir_grid_small_psd@3x.png */,
				790D32CF1F050E4600491A7B /* dir_grid_small_swf@2x.png */,
				790D32D01F050E4600491A7B /* dir_grid_small_swf@3x.png */,
				790D32D11F050E4600491A7B /* dir_grid_small_txt@2x.png */,
				790D32D21F050E4600491A7B /* dir_grid_small_txt@3x.png */,
				790D32D31F050E4600491A7B /* dir_grid_small_vsd@2x.png */,
				790D32D41F050E4600491A7B /* dir_grid_small_vsd@3x.png */,
				790D32D51F050E4600491A7B /* dir_grid_small_xls@2x.png */,
				790D32D61F050E4600491A7B /* dir_grid_small_xls@3x.png */,
				790D32D71F050E4600491A7B /* dir_grid_small_xml@2x.png */,
				790D32D81F050E4600491A7B /* dir_grid_small_xml@3x.png */,
				790D32D91F050E4600491A7B /* dir_grid_small_zip@2x.png */,
				790D32DA1F050E4600491A7B /* dir_grid_small_zip@3x.png */,
				790D32DB1F050E4600491A7B /* ico_folder_small@2x.png */,
				790D32DC1F050E4600491A7B /* ico_folder_small@3x.png */,
				790D331A1F064E2100491A7B /* MusicPlayer.bundle */,
			);
			path = News;
			sourceTree = "<group>";
		};
		790D33101F0643DB00491A7B /* View */ = {
			isa = PBXGroup;
			children = (
				790D33111F06440200491A7B /* HJMusicPlayControlView.h */,
				790D33121F06440200491A7B /* HJMusicPlayControlView.m */,
				790D33141F06443E00491A7B /* HJMusicPlayLyricView.h */,
				790D33151F06443E00491A7B /* HJMusicPlayLyricView.m */,
				790D33171F06445800491A7B /* HJMusicPlayCoverView.h */,
				790D33181F06445800491A7B /* HJMusicPlayCoverView.m */,
			);
			path = View;
			sourceTree = "<group>";
		};
		791EB45269B0B8ADEA88EF84 /* Pods */ = {
			isa = PBXGroup;
			children = (
				3A0453F26E7CBE4938420C33 /* Pods-JustWay.debug.xcconfig */,
				79DB9D0F2F47E828322B8B57 /* Pods-JustWay.release.xcconfig */,
				D934A630CD2C491B9221004B /* Pods-JustWayTests.debug.xcconfig */,
				59820CA5EDA4B4D5E1F20705 /* Pods-JustWayTests.release.xcconfig */,
				B486C229E8BF6F76F5885B55 /* Pods-JustWayUITests.debug.xcconfig */,
				0E3F7CC21FC24A2AD0E60233 /* Pods-JustWayUITests.release.xcconfig */,
			);
			name = Pods;
			sourceTree = "<group>";
		};
		795A0CED1F02336F00F02FB4 = {
			isa = PBXGroup;
			children = (
				795A0CF81F02336F00F02FB4 /* JustWay */,
				795A0D121F02336F00F02FB4 /* JustWayTests */,
				795A0D1D1F02336F00F02FB4 /* JustWayUITests */,
				795A0CF71F02336F00F02FB4 /* Products */,
				791EB45269B0B8ADEA88EF84 /* Pods */,
				DAE8F1F147C12E71EB53D7DE /* Frameworks */,
			);
			sourceTree = "<group>";
		};
		795A0CF71F02336F00F02FB4 /* Products */ = {
			isa = PBXGroup;
			children = (
				795A0CF61F02336F00F02FB4 /* JustWay.app */,
				795A0D0F1F02336F00F02FB4 /* JustWayTests.xctest */,
				795A0D1A1F02336F00F02FB4 /* JustWayUITests.xctest */,
			);
			name = Products;
			sourceTree = "<group>";
		};
		795A0CF81F02336F00F02FB4 /* JustWay */ = {
			isa = PBXGroup;
			children = (
				795A0DB21F033F3400F02FB4 /* Classes */,
				795A0CFC1F02336F00F02FB4 /* AppDelegate.h */,
				795A0CFD1F02336F00F02FB4 /* AppDelegate.m */,
				795A0D051F02336F00F02FB4 /* Assets.xcassets */,
				795A0D071F02336F00F02FB4 /* LaunchScreen.storyboard */,
				795A0CF91F02336F00F02FB4 /* Supporting Files */,
			);
			path = JustWay;
			sourceTree = "<group>";
		};
		795A0CF91F02336F00F02FB4 /* Supporting Files */ = {
			isa = PBXGroup;
			children = (
				795A0DFF1F037B8100F02FB4 /* Venders */,
				795A0DD11F034C8600F02FB4 /* Resources */,
				795A0CFA1F02336F00F02FB4 /* main.m */,
				795A0D0A1F02336F00F02FB4 /* Info.plist */,
			);
			name = "Supporting Files";
			sourceTree = "<group>";
		};
		795A0D121F02336F00F02FB4 /* JustWayTests */ = {
			isa = PBXGroup;
			children = (
				795A0D131F02336F00F02FB4 /* JustWayTests.m */,
				795A0D151F02336F00F02FB4 /* Info.plist */,
			);
			path = JustWayTests;
			sourceTree = "<group>";
		};
		795A0D1D1F02336F00F02FB4 /* JustWayUITests */ = {
			isa = PBXGroup;
			children = (
				795A0D1E1F02336F00F02FB4 /* JustWayUITests.m */,
				795A0D201F02336F00F02FB4 /* Info.plist */,
			);
			path = JustWayUITests;
			sourceTree = "<group>";
		};
		795A0DB21F033F3400F02FB4 /* Classes */ = {
			isa = PBXGroup;
			children = (
				795A0DF11F0352D600F02FB4 /* Other */,
				795A0DEC1F034D2200F02FB4 /* Main */,
				795A0DB31F033F4600F02FB4 /* News */,
				795A0DB41F033FD000F02FB4 /* Files */,
				795A0DB51F033FDF00F02FB4 /* Me */,
			);
			path = Classes;
			sourceTree = "<group>";
		};
		795A0DB31F033F4600F02FB4 /* News */ = {
			isa = PBXGroup;
			children = (
				795A0E351F03B80900F02FB4 /* MusicPlay */,
				795A0DB91F03404D00F02FB4 /* Main */,
			);
			path = News;
			sourceTree = "<group>";
		};
		795A0DB41F033FD000F02FB4 /* Files */ = {
			isa = PBXGroup;
			children = (
				795A0DBA1F03405300F02FB4 /* Main */,
			);
			path = Files;
			sourceTree = "<group>";
		};
		795A0DB51F033FDF00F02FB4 /* Me */ = {
			isa = PBXGroup;
			children = (
				795A0DBB1F03405800F02FB4 /* Main */,
			);
			path = Me;
			sourceTree = "<group>";
		};
		795A0DB91F03404D00F02FB4 /* Main */ = {
			isa = PBXGroup;
			children = (
				795A0DBC1F03407800F02FB4 /* Controller */,
				795A0E3E1F04E5AF00F02FB4 /* Model */,
				795A0E3D1F04E59F00F02FB4 /* View */,
			);
			path = Main;
			sourceTree = "<group>";
		};
		795A0DBA1F03405300F02FB4 /* Main */ = {
			isa = PBXGroup;
			children = (
				795A0DBD1F03408100F02FB4 /* Controller */,
			);
			path = Main;
			sourceTree = "<group>";
		};
		795A0DBB1F03405800F02FB4 /* Main */ = {
			isa = PBXGroup;
			children = (
				795A0DBE1F03408B00F02FB4 /* Controller */,
			);
			path = Main;
			sourceTree = "<group>";
		};
		795A0DBC1F03407800F02FB4 /* Controller */ = {
			isa = PBXGroup;
			children = (
				795A0DC81F0341D200F02FB4 /* HJNewsViewController.h */,
				795A0DC91F0341D200F02FB4 /* HJNewsViewController.m */,
			);
			path = Controller;
			sourceTree = "<group>";
		};
		795A0DBD1F03408100F02FB4 /* Controller */ = {
			isa = PBXGroup;
			children = (
				795A0DCB1F03428400F02FB4 /* HJFilesViewController.h */,
				795A0DCC1F03428400F02FB4 /* HJFilesViewController.m */,
			);
			path = Controller;
			sourceTree = "<group>";
		};
		795A0DBE1F03408B00F02FB4 /* Controller */ = {
			isa = PBXGroup;
			children = (
				795A0DCE1F03428E00F02FB4 /* HJMeViewController.h */,
				795A0DCF1F03428E00F02FB4 /* HJMeViewController.m */,
			);
			path = Controller;
			sourceTree = "<group>";
		};
		795A0DD11F034C8600F02FB4 /* Resources */ = {
			isa = PBXGroup;
			children = (
				790D32AC1F050B3A00491A7B /* News */,
				795A0E101F03804B00F02FB4 /* Main */,
			);
			path = Resources;
			sourceTree = "<group>";
		};
		795A0DEC1F034D2200F02FB4 /* Main */ = {
			isa = PBXGroup;
			children = (
				795A0DED1F034D3800F02FB4 /* Controller */,
			);
			path = Main;
			sourceTree = "<group>";
		};
		795A0DED1F034D3800F02FB4 /* Controller */ = {
			isa = PBXGroup;
			children = (
				795A0DEE1F034D5C00F02FB4 /* HJNavigationController.h */,
				795A0DEF1F034D5C00F02FB4 /* HJNavigationController.m */,
				795A0E3A1F04DC5600F02FB4 /* HJBaseViewController.h */,
				795A0E3B1F04DC5600F02FB4 /* HJBaseViewController.m */,
			);
			path = Controller;
			sourceTree = "<group>";
		};
		795A0DF11F0352D600F02FB4 /* Other */ = {
			isa = PBXGroup;
			children = (
				795A0E061F037F3B00F02FB4 /* Tools */,
				795A0DFC1F035A7C00F02FB4 /* Common */,
				795A0DF21F0352E800F02FB4 /* Category */,
			);
			path = Other;
			sourceTree = "<group>";
		};
		795A0DF21F0352E800F02FB4 /* Category */ = {
			isa = PBXGroup;
			children = (
				795A0DF31F03532400F02FB4 /* UIImage+HJ.h */,
				795A0DF41F03532400F02FB4 /* UIImage+HJ.m */,
				790D330D1F050FE600491A7B /* NSDate+HJ.h */,
				790D330E1F050FE600491A7B /* NSDate+HJ.m */,
			);
			path = Category;
			sourceTree = "<group>";
		};
		795A0DFC1F035A7C00F02FB4 /* Common */ = {
			isa = PBXGroup;
			children = (
				795A0E291F038BF200F02FB4 /* HJConfig.h */,
				795A0E2A1F038BF200F02FB4 /* HJConfig.m */,
				795A0DFD1F035B2B00F02FB4 /* PrefixHeader.pch */,
			);
			path = Common;
			sourceTree = "<group>";
		};
		795A0DFF1F037B8100F02FB4 /* Venders */ = {
			isa = PBXGroup;
			children = (
				795A0E0A1F03803500F02FB4 /* GCDWebUploader */,
			);
			name = Venders;
			path = Vendors;
			sourceTree = "<group>";
		};
		795A0E061F037F3B00F02FB4 /* Tools */ = {
			isa = PBXGroup;
			children = (
				795A0E071F037F5F00F02FB4 /* HJUploaderServer.h */,
				795A0E081F037F5F00F02FB4 /* HJUploaderServer.m */,
				795A0E2C1F0391E600F02FB4 /* HJTools.h */,
				795A0E2D1F0391E600F02FB4 /* HJTools.m */,
				795A0E2F1F03B43200F02FB4 /* HJMusicPlayer.h */,
				795A0E301F03B43200F02FB4 /* HJMusicPlayer.m */,
				795A0E321F03B64000F02FB4 /* HJWeakTimer.h */,
				795A0E331F03B64000F02FB4 /* HJWeakTimer.m */,
			);
			path = Tools;
			sourceTree = "<group>";
		};
		795A0E0A1F03803500F02FB4 /* GCDWebUploader */ = {
			isa = PBXGroup;
			children = (
				795A0E0B1F03803500F02FB4 /* GCDWebUploader.bundle */,
				795A0E0C1F03803500F02FB4 /* GCDWebUploader.h */,
				795A0E0D1F03803500F02FB4 /* GCDWebUploader.m */,
			);
			path = GCDWebUploader;
			sourceTree = "<group>";
		};
		795A0E101F03804B00F02FB4 /* Main */ = {
			isa = PBXGroup;
			children = (
				795A0E111F03804B00F02FB4 /* tab_ic_file@2x.png */,
				795A0E121F03804B00F02FB4 /* tab_ic_file@3x.png */,
				795A0E131F03804B00F02FB4 /* tab_ic_file_selected@2x.png */,
				795A0E141F03804B00F02FB4 /* tab_ic_file_selected@3x.png */,
				795A0E151F03804B00F02FB4 /* tab_ic_my@2x.png */,
				795A0E161F03804B00F02FB4 /* tab_ic_my@3x.png */,
				795A0E171F03804B00F02FB4 /* tab_ic_my_selected@2x.png */,
				795A0E181F03804B00F02FB4 /* tab_ic_my_selected@3x.png */,
				795A0E191F03804B00F02FB4 /* tab_ic_recent@2x.png */,
				795A0E1A1F03804B00F02FB4 /* tab_ic_recent@3x.png */,
				795A0E1B1F03804B00F02FB4 /* tab_ic_recent_selected@2x.png */,
				795A0E1C1F03804B00F02FB4 /* tab_ic_recent_selected@3x.png */,
			);
			path = Main;
			sourceTree = "<group>";
		};
		795A0E351F03B80900F02FB4 /* MusicPlay */ = {
			isa = PBXGroup;
			children = (
				790D33101F0643DB00491A7B /* View */,
				795A0E361F03B82900F02FB4 /* Controller */,
			);
			path = MusicPlay;
			sourceTree = "<group>";
		};
		795A0E361F03B82900F02FB4 /* Controller */ = {
			isa = PBXGroup;
			children = (
				795A0E371F03B84B00F02FB4 /* HJMusicPlayViewController.h */,
				795A0E381F03B84B00F02FB4 /* HJMusicPlayViewController.m */,
				795DB7B01F068D9C00172BD4 /* image.png */,
			);
			path = Controller;
			sourceTree = "<group>";
		};
		795A0E3D1F04E59F00F02FB4 /* View */ = {
			isa = PBXGroup;
			children = (
				795A0E481F04E7A700F02FB4 /* HJNewsTableViewCell.h */,
				795A0E491F04E7A700F02FB4 /* HJNewsTableViewCell.m */,
			);
			path = View;
			sourceTree = "<group>";
		};
		795A0E3E1F04E5AF00F02FB4 /* Model */ = {
			isa = PBXGroup;
			children = (
				795A0E4B1F04E7B800F02FB4 /* HJNewsModel.h */,
				795A0E4C1F04E7B800F02FB4 /* HJNewsModel.m */,
			);
			path = Model;
			sourceTree = "<group>";
		};
		DAE8F1F147C12E71EB53D7DE /* Frameworks */ = {
			isa = PBXGroup;
			children = (
				4A4BC09CFB8DAA7EC1B3F473 /* libPods-JustWay.a */,
				C7C0C7EBB2C17F7F30782183 /* libPods-JustWayTests.a */,
				97EAF55DB5741F2E219C9E45 /* libPods-JustWayUITests.a */,
			);
			name = Frameworks;
			sourceTree = "<group>";
		};
/* End PBXGroup section */

/* Begin PBXNativeTarget section */
		795A0CF51F02336F00F02FB4 /* JustWay */ = {
			isa = PBXNativeTarget;
			buildConfigurationList = 795A0D231F02336F00F02FB4 /* Build configuration list for PBXNativeTarget "JustWay" */;
			buildPhases = (
				0F43AA0285E99392C7433D3F /* [CP] Check Pods Manifest.lock */,
				795A0CF21F02336F00F02FB4 /* Sources */,
				795A0CF31F02336F00F02FB4 /* Frameworks */,
				795A0CF41F02336F00F02FB4 /* Resources */,
				CFC413FC14A35262CBC91516 /* [CP] Embed Pods Frameworks */,
				27C50EDA41F815468E46338C /* [CP] Copy Pods Resources */,
			);
			buildRules = (
			);
			dependencies = (
			);
			name = JustWay;
			productName = JustWay;
			productReference = 795A0CF61F02336F00F02FB4 /* JustWay.app */;
			productType = "com.apple.product-type.application";
		};
		795A0D0E1F02336F00F02FB4 /* JustWayTests */ = {
			isa = PBXNativeTarget;
			buildConfigurationList = 795A0D261F02336F00F02FB4 /* Build configuration list for PBXNativeTarget "JustWayTests" */;
			buildPhases = (
				36CAEDD939CBB19021CE45E2 /* [CP] Check Pods Manifest.lock */,
				795A0D0B1F02336F00F02FB4 /* Sources */,
				795A0D0C1F02336F00F02FB4 /* Frameworks */,
				795A0D0D1F02336F00F02FB4 /* Resources */,
				EEB9F78DF4CBDEF13B6D657D /* [CP] Embed Pods Frameworks */,
				B085F58B96A6B4241CFE62FE /* [CP] Copy Pods Resources */,
			);
			buildRules = (
			);
			dependencies = (
				795A0D111F02336F00F02FB4 /* PBXTargetDependency */,
			);
			name = JustWayTests;
			productName = JustWayTests;
			productReference = 795A0D0F1F02336F00F02FB4 /* JustWayTests.xctest */;
			productType = "com.apple.product-type.bundle.unit-test";
		};
		795A0D191F02336F00F02FB4 /* JustWayUITests */ = {
			isa = PBXNativeTarget;
			buildConfigurationList = 795A0D291F02336F00F02FB4 /* Build configuration list for PBXNativeTarget "JustWayUITests" */;
			buildPhases = (
				88F047EC687F17393894B0E7 /* [CP] Check Pods Manifest.lock */,
				795A0D161F02336F00F02FB4 /* Sources */,
				795A0D171F02336F00F02FB4 /* Frameworks */,
				795A0D181F02336F00F02FB4 /* Resources */,
				5CA3A280007E8BA8A21C5A0D /* [CP] Embed Pods Frameworks */,
				95A6E5C3507B605B75B308F3 /* [CP] Copy Pods Resources */,
			);
			buildRules = (
			);
			dependencies = (
				795A0D1C1F02336F00F02FB4 /* PBXTargetDependency */,
			);
			name = JustWayUITests;
			productName = JustWayUITests;
			productReference = 795A0D1A1F02336F00F02FB4 /* JustWayUITests.xctest */;
			productType = "com.apple.product-type.bundle.ui-testing";
		};
/* End PBXNativeTarget section */

/* Begin PBXProject section */
		795A0CEE1F02336F00F02FB4 /* Project object */ = {
			isa = PBXProject;
			attributes = {
				CLASSPREFIX = HJ;
				LastUpgradeCheck = 0830;
				ORGANIZATIONNAME = HeJun;
				TargetAttributes = {
					795A0CF51F02336F00F02FB4 = {
						CreatedOnToolsVersion = 8.3.3;
						DevelopmentTeam = UVTAS8R4A5;
						ProvisioningStyle = Automatic;
						SystemCapabilities = {
							com.apple.BackgroundModes = {
								enabled = 1;
							};
						};
					};
					795A0D0E1F02336F00F02FB4 = {
						CreatedOnToolsVersion = 8.3.3;
						DevelopmentTeam = UVTAS8R4A5;
						ProvisioningStyle = Automatic;
						TestTargetID = 795A0CF51F02336F00F02FB4;
					};
					795A0D191F02336F00F02FB4 = {
						CreatedOnToolsVersion = 8.3.3;
						DevelopmentTeam = UVTAS8R4A5;
						ProvisioningStyle = Automatic;
						TestTargetID = 795A0CF51F02336F00F02FB4;
					};
				};
			};
			buildConfigurationList = 795A0CF11F02336F00F02FB4 /* Build configuration list for PBXProject "JustWay" */;
			compatibilityVersion = "Xcode 3.2";
			developmentRegion = English;
			hasScannedForEncodings = 0;
			knownRegions = (
				en,
				Base,
			);
			mainGroup = 795A0CED1F02336F00F02FB4;
			productRefGroup = 795A0CF71F02336F00F02FB4 /* Products */;
			projectDirPath = "";
			projectRoot = "";
			targets = (
				795A0CF51F02336F00F02FB4 /* JustWay */,
				795A0D0E1F02336F00F02FB4 /* JustWayTests */,
				795A0D191F02336F00F02FB4 /* JustWayUITests */,
			);
		};
/* End PBXProject section */

/* Begin PBXResourcesBuildPhase section */
		795A0CF41F02336F00F02FB4 /* Resources */ = {
			isa = PBXResourcesBuildPhase;
			buildActionMask = 2147483647;
			files = (
				790D33091F050E4600491A7B /* dir_grid_small_zip@2x.png in Resources */,
				795A0E1D1F03804B00F02FB4 /* tab_ic_file@2x.png in Resources */,
				795A0E201F03804B00F02FB4 /* tab_ic_file_selected@3x.png in Resources */,
				795A0E0E1F03803500F02FB4 /* GCDWebUploader.bundle in Resources */,
				790D32EF1F050E4600491A7B /* dir_grid_small_mp3@2x.png in Resources */,
				790D32ED1F050E4600491A7B /* dir_grid_small_mov@2x.png in Resources */,
				795A0E231F03804B00F02FB4 /* tab_ic_my_selected@2x.png in Resources */,
				790D32E01F050E4600491A7B /* dir_grid_small_apk@3x.png in Resources */,
				790D33081F050E4600491A7B /* dir_grid_small_xml@3x.png in Resources */,
				790D32EA1F050E4600491A7B /* dir_grid_small_ipa@3x.png in Resources */,
				790D33051F050E4600491A7B /* dir_grid_small_xls@2x.png in Resources */,
				790D32EC1F050E4600491A7B /* dir_grid_small_key@3x.png in Resources */,
				790D33011F050E4600491A7B /* dir_grid_small_txt@2x.png in Resources */,
				790D32E21F050E4600491A7B /* dir_grid_small_bat@3x.png in Resources */,
				795A0D091F02336F00F02FB4 /* LaunchScreen.storyboard in Resources */,
				795A0E211F03804B00F02FB4 /* tab_ic_my@2x.png in Resources */,
				790D330B1F050E4600491A7B /* ico_folder_small@2x.png in Resources */,
				790D32E81F050E4600491A7B /* dir_grid_small_hlp@3x.png in Resources */,
				795A0D061F02336F00F02FB4 /* Assets.xcassets in Resources */,
				790D32E11F050E4600491A7B /* dir_grid_small_bat@2x.png in Resources */,
				790D32FC1F050E4600491A7B /* dir_grid_small_ppt@3x.png in Resources */,
				790D32F71F050E4600491A7B /* dir_grid_small_pages@2x.png in Resources */,
				790D32E31F050E4600491A7B /* dir_grid_small_bmp@2x.png in Resources */,
				795A0E251F03804B00F02FB4 /* tab_ic_recent@2x.png in Resources */,
				795A0E271F03804B00F02FB4 /* tab_ic_recent_selected@2x.png in Resources */,
				790D32F91F050E4600491A7B /* dir_grid_small_pdf@2x.png in Resources */,
				790D32F81F050E4600491A7B /* dir_grid_small_pages@3x.png in Resources */,
				790D330A1F050E4600491A7B /* dir_grid_small_zip@3x.png in Resources */,
				790D32E61F050E4600491A7B /* dir_grid_small_doc@3x.png in Resources */,
				790D33061F050E4600491A7B /* dir_grid_small_xls@3x.png in Resources */,
				795DB7B11F068D9C00172BD4 /* image.png in Resources */,
				795A0E1E1F03804B00F02FB4 /* tab_ic_file@3x.png in Resources */,
				790D33001F050E4600491A7B /* dir_grid_small_swf@3x.png in Resources */,
				790D32DD1F050E4600491A7B /* dir_grid_small_ai@2x.png in Resources */,
				790D32EB1F050E4600491A7B /* dir_grid_small_key@2x.png in Resources */,
				790D33031F050E4600491A7B /* dir_grid_small_vsd@2x.png in Resources */,
				790D32E51F050E4600491A7B /* dir_grid_small_doc@2x.png in Resources */,
				790D32F61F050E4600491A7B /* dir_grid_small_numbers@3x.png in Resources */,
				795A0E221F03804B00F02FB4 /* tab_ic_my@3x.png in Resources */,
				790D32E91F050E4600491A7B /* dir_grid_small_ipa@2x.png in Resources */,
				790D33071F050E4600491A7B /* dir_grid_small_xml@2x.png in Resources */,
				795A0E1F1F03804B00F02FB4 /* tab_ic_file_selected@2x.png in Resources */,
				790D32DE1F050E4600491A7B /* dir_grid_small_ai@3x.png in Resources */,
				790D33041F050E4600491A7B /* dir_grid_small_vsd@3x.png in Resources */,
				790D32FE1F050E4600491A7B /* dir_grid_small_psd@3x.png in Resources */,
				790D330C1F050E4600491A7B /* ico_folder_small@3x.png in Resources */,
				795A0E261F03804B00F02FB4 /* tab_ic_recent@3x.png in Resources */,
				795A0E241F03804B00F02FB4 /* tab_ic_my_selected@3x.png in Resources */,
				795A0E281F03804B00F02FB4 /* tab_ic_recent_selected@3x.png in Resources */,
				790D32F51F050E4600491A7B /* dir_grid_small_numbers@2x.png in Resources */,
				790D32E41F050E4600491A7B /* dir_grid_small_bmp@3x.png in Resources */,
				790D32FD1F050E4600491A7B /* dir_grid_small_psd@2x.png in Resources */,
				790D32DF1F050E4600491A7B /* dir_grid_small_apk@2x.png in Resources */,
				790D331B1F064E2100491A7B /* MusicPlayer.bundle in Resources */,
				790D32E71F050E4600491A7B /* dir_grid_small_hlp@2x.png in Resources */,
				790D32FB1F050E4600491A7B /* dir_grid_small_ppt@2x.png in Resources */,
				790D32FA1F050E4600491A7B /* dir_grid_small_pdf@3x.png in Resources */,
				790D33021F050E4600491A7B /* dir_grid_small_txt@3x.png in Resources */,
				790D32EE1F050E4600491A7B /* dir_grid_small_mov@3x.png in Resources */,
				790D32FF1F050E4600491A7B /* dir_grid_small_swf@2x.png in Resources */,
				790D32F01F050E4600491A7B /* dir_grid_small_mp3@3x.png in Resources */,
			);
			runOnlyForDeploymentPostprocessing = 0;
		};
		795A0D0D1F02336F00F02FB4 /* Resources */ = {
			isa = PBXResourcesBuildPhase;
			buildActionMask = 2147483647;
			files = (
			);
			runOnlyForDeploymentPostprocessing = 0;
		};
		795A0D181F02336F00F02FB4 /* Resources */ = {
			isa = PBXResourcesBuildPhase;
			buildActionMask = 2147483647;
			files = (
			);
			runOnlyForDeploymentPostprocessing = 0;
		};
/* End PBXResourcesBuildPhase section */

/* Begin PBXShellScriptBuildPhase section */
		0F43AA0285E99392C7433D3F /* [CP] Check Pods Manifest.lock */ = {
			isa = PBXShellScriptBuildPhase;
			buildActionMask = 2147483647;
			files = (
			);
			inputPaths = (
			);
			name = "[CP] Check Pods Manifest.lock";
			outputPaths = (
			);
			runOnlyForDeploymentPostprocessing = 0;
			shellPath = /bin/sh;
			shellScript = "diff \"${PODS_PODFILE_DIR_PATH}/Podfile.lock\" \"${PODS_ROOT}/Manifest.lock\" > /dev/null\nif [ $? != 0 ] ; then\n    # print error to STDERR\n    echo \"error: The sandbox is not in sync with the Podfile.lock. Run 'pod install' or update your CocoaPods installation.\" >&2\n    exit 1\nfi\n";
			showEnvVarsInLog = 0;
		};
		27C50EDA41F815468E46338C /* [CP] Copy Pods Resources */ = {
			isa = PBXShellScriptBuildPhase;
			buildActionMask = 2147483647;
			files = (
			);
			inputPaths = (
			);
			name = "[CP] Copy Pods Resources";
			outputPaths = (
			);
			runOnlyForDeploymentPostprocessing = 0;
			shellPath = /bin/sh;
			shellScript = "\"${SRCROOT}/Pods/Target Support Files/Pods-JustWay/Pods-JustWay-resources.sh\"\n";
			showEnvVarsInLog = 0;
		};
		36CAEDD939CBB19021CE45E2 /* [CP] Check Pods Manifest.lock */ = {
			isa = PBXShellScriptBuildPhase;
			buildActionMask = 2147483647;
			files = (
			);
			inputPaths = (
			);
			name = "[CP] Check Pods Manifest.lock";
			outputPaths = (
			);
			runOnlyForDeploymentPostprocessing = 0;
			shellPath = /bin/sh;
			shellScript = "diff \"${PODS_PODFILE_DIR_PATH}/Podfile.lock\" \"${PODS_ROOT}/Manifest.lock\" > /dev/null\nif [ $? != 0 ] ; then\n    # print error to STDERR\n    echo \"error: The sandbox is not in sync with the Podfile.lock. Run 'pod install' or update your CocoaPods installation.\" >&2\n    exit 1\nfi\n";
			showEnvVarsInLog = 0;
		};
		5CA3A280007E8BA8A21C5A0D /* [CP] Embed Pods Frameworks */ = {
			isa = PBXShellScriptBuildPhase;
			buildActionMask = 2147483647;
			files = (
			);
			inputPaths = (
			);
			name = "[CP] Embed Pods Frameworks";
			outputPaths = (
			);
			runOnlyForDeploymentPostprocessing = 0;
			shellPath = /bin/sh;
			shellScript = "\"${SRCROOT}/Pods/Target Support Files/Pods-JustWayUITests/Pods-JustWayUITests-frameworks.sh\"\n";
			showEnvVarsInLog = 0;
		};
		88F047EC687F17393894B0E7 /* [CP] Check Pods Manifest.lock */ = {
			isa = PBXShellScriptBuildPhase;
			buildActionMask = 2147483647;
			files = (
			);
			inputPaths = (
			);
			name = "[CP] Check Pods Manifest.lock";
			outputPaths = (
			);
			runOnlyForDeploymentPostprocessing = 0;
			shellPath = /bin/sh;
			shellScript = "diff \"${PODS_PODFILE_DIR_PATH}/Podfile.lock\" \"${PODS_ROOT}/Manifest.lock\" > /dev/null\nif [ $? != 0 ] ; then\n    # print error to STDERR\n    echo \"error: The sandbox is not in sync with the Podfile.lock. Run 'pod install' or update your CocoaPods installation.\" >&2\n    exit 1\nfi\n";
			showEnvVarsInLog = 0;
		};
		95A6E5C3507B605B75B308F3 /* [CP] Copy Pods Resources */ = {
			isa = PBXShellScriptBuildPhase;
			buildActionMask = 2147483647;
			files = (
			);
			inputPaths = (
			);
			name = "[CP] Copy Pods Resources";
			outputPaths = (
			);
			runOnlyForDeploymentPostprocessing = 0;
			shellPath = /bin/sh;
			shellScript = "\"${SRCROOT}/Pods/Target Support Files/Pods-JustWayUITests/Pods-JustWayUITests-resources.sh\"\n";
			showEnvVarsInLog = 0;
		};
		B085F58B96A6B4241CFE62FE /* [CP] Copy Pods Resources */ = {
			isa = PBXShellScriptBuildPhase;
			buildActionMask = 2147483647;
			files = (
			);
			inputPaths = (
			);
			name = "[CP] Copy Pods Resources";
			outputPaths = (
			);
			runOnlyForDeploymentPostprocessing = 0;
			shellPath = /bin/sh;
			shellScript = "\"${SRCROOT}/Pods/Target Support Files/Pods-JustWayTests/Pods-JustWayTests-resources.sh\"\n";
			showEnvVarsInLog = 0;
		};
		CFC413FC14A35262CBC91516 /* [CP] Embed Pods Frameworks */ = {
			isa = PBXShellScriptBuildPhase;
			buildActionMask = 2147483647;
			files = (
			);
			inputPaths = (
			);
			name = "[CP] Embed Pods Frameworks";
			outputPaths = (
			);
			runOnlyForDeploymentPostprocessing = 0;
			shellPath = /bin/sh;
			shellScript = "\"${SRCROOT}/Pods/Target Support Files/Pods-JustWay/Pods-JustWay-frameworks.sh\"\n";
			showEnvVarsInLog = 0;
		};
		EEB9F78DF4CBDEF13B6D657D /* [CP] Embed Pods Frameworks */ = {
			isa = PBXShellScriptBuildPhase;
			buildActionMask = 2147483647;
			files = (
			);
			inputPaths = (
			);
			name = "[CP] Embed Pods Frameworks";
			outputPaths = (
			);
			runOnlyForDeploymentPostprocessing = 0;
			shellPath = /bin/sh;
			shellScript = "\"${SRCROOT}/Pods/Target Support Files/Pods-JustWayTests/Pods-JustWayTests-frameworks.sh\"\n";
			showEnvVarsInLog = 0;
		};
/* End PBXShellScriptBuildPhase section */

/* Begin PBXSourcesBuildPhase section */
		795A0CF21F02336F00F02FB4 /* Sources */ = {
			isa = PBXSourcesBuildPhase;
			buildActionMask = 2147483647;
			files = (
				795A0E0F1F03803500F02FB4 /* GCDWebUploader.m in Sources */,
				795A0E2B1F038BF200F02FB4 /* HJConfig.m in Sources */,
				790D330F1F050FE600491A7B /* NSDate+HJ.m in Sources */,
				795A0E311F03B43200F02FB4 /* HJMusicPlayer.m in Sources */,
				795A0E2E1F0391E600F02FB4 /* HJTools.m in Sources */,
				795A0DF01F034D5C00F02FB4 /* HJNavigationController.m in Sources */,
				795A0E341F03B64000F02FB4 /* HJWeakTimer.m in Sources */,
				790D33191F06445800491A7B /* HJMusicPlayCoverView.m in Sources */,
				795A0E4A1F04E7A700F02FB4 /* HJNewsTableViewCell.m in Sources */,
				795A0CFE1F02336F00F02FB4 /* AppDelegate.m in Sources */,
				790D33161F06443E00491A7B /* HJMusicPlayLyricView.m in Sources */,
				795A0CFB1F02336F00F02FB4 /* main.m in Sources */,
				795A0DF51F03532400F02FB4 /* UIImage+HJ.m in Sources */,
				790D33131F06440200491A7B /* HJMusicPlayControlView.m in Sources */,
				795A0DCD1F03428400F02FB4 /* HJFilesViewController.m in Sources */,
				795A0DD01F03428E00F02FB4 /* HJMeViewController.m in Sources */,
				795A0E091F037F5F00F02FB4 /* HJUploaderServer.m in Sources */,
				795A0E4D1F04E7B800F02FB4 /* HJNewsModel.m in Sources */,
				795A0E3C1F04DC5600F02FB4 /* HJBaseViewController.m in Sources */,
				795A0E391F03B84B00F02FB4 /* HJMusicPlayViewController.m in Sources */,
				795A0DCA1F0341D200F02FB4 /* HJNewsViewController.m in Sources */,
			);
			runOnlyForDeploymentPostprocessing = 0;
		};
		795A0D0B1F02336F00F02FB4 /* Sources */ = {
			isa = PBXSourcesBuildPhase;
			buildActionMask = 2147483647;
			files = (
				795A0D141F02336F00F02FB4 /* JustWayTests.m in Sources */,
			);
			runOnlyForDeploymentPostprocessing = 0;
		};
		795A0D161F02336F00F02FB4 /* Sources */ = {
			isa = PBXSourcesBuildPhase;
			buildActionMask = 2147483647;
			files = (
				795A0D1F1F02336F00F02FB4 /* JustWayUITests.m in Sources */,
			);
			runOnlyForDeploymentPostprocessing = 0;
		};
/* End PBXSourcesBuildPhase section */

/* Begin PBXTargetDependency section */
		795A0D111F02336F00F02FB4 /* PBXTargetDependency */ = {
			isa = PBXTargetDependency;
			target = 795A0CF51F02336F00F02FB4 /* JustWay */;
			targetProxy = 795A0D101F02336F00F02FB4 /* PBXContainerItemProxy */;
		};
		795A0D1C1F02336F00F02FB4 /* PBXTargetDependency */ = {
			isa = PBXTargetDependency;
			target = 795A0CF51F02336F00F02FB4 /* JustWay */;
			targetProxy = 795A0D1B1F02336F00F02FB4 /* PBXContainerItemProxy */;
		};
/* End PBXTargetDependency section */

/* Begin PBXVariantGroup section */
		795A0D071F02336F00F02FB4 /* LaunchScreen.storyboard */ = {
			isa = PBXVariantGroup;
			children = (
				795A0D081F02336F00F02FB4 /* Base */,
			);
			name = LaunchScreen.storyboard;
			sourceTree = "<group>";
		};
/* End PBXVariantGroup section */

/* Begin XCBuildConfiguration section */
		795A0D211F02336F00F02FB4 /* Debug */ = {
			isa = XCBuildConfiguration;
			buildSettings = {
				ALWAYS_SEARCH_USER_PATHS = NO;
				CLANG_ANALYZER_NONNULL = YES;
				CLANG_ANALYZER_NUMBER_OBJECT_CONVERSION = YES_AGGRESSIVE;
				CLANG_CXX_LANGUAGE_STANDARD = "gnu++0x";
				CLANG_CXX_LIBRARY = "libc++";
				CLANG_ENABLE_MODULES = YES;
				CLANG_ENABLE_OBJC_ARC = YES;
				CLANG_WARN_BOOL_CONVERSION = YES;
				CLANG_WARN_CONSTANT_CONVERSION = YES;
				CLANG_WARN_DIRECT_OBJC_ISA_USAGE = YES_ERROR;
				CLANG_WARN_DOCUMENTATION_COMMENTS = YES;
				CLANG_WARN_EMPTY_BODY = YES;
				CLANG_WARN_ENUM_CONVERSION = YES;
				CLANG_WARN_INFINITE_RECURSION = YES;
				CLANG_WARN_INT_CONVERSION = YES;
				CLANG_WARN_OBJC_ROOT_CLASS = YES_ERROR;
				CLANG_WARN_SUSPICIOUS_MOVE = YES;
				CLANG_WARN_UNREACHABLE_CODE = YES;
				CLANG_WARN__DUPLICATE_METHOD_MATCH = YES;
				"CODE_SIGN_IDENTITY[sdk=iphoneos*]" = "iPhone Developer";
				COPY_PHASE_STRIP = NO;
				DEBUG_INFORMATION_FORMAT = dwarf;
				ENABLE_STRICT_OBJC_MSGSEND = YES;
				ENABLE_TESTABILITY = YES;
				GCC_C_LANGUAGE_STANDARD = gnu99;
				GCC_DYNAMIC_NO_PIC = NO;
				GCC_NO_COMMON_BLOCKS = YES;
				GCC_OPTIMIZATION_LEVEL = 0;
				GCC_PREPROCESSOR_DEFINITIONS = (
					"DEBUG=1",
					"$(inherited)",
				);
				GCC_WARN_64_TO_32_BIT_CONVERSION = YES;
				GCC_WARN_ABOUT_RETURN_TYPE = YES_ERROR;
				GCC_WARN_UNDECLARED_SELECTOR = YES;
				GCC_WARN_UNINITIALIZED_AUTOS = YES_AGGRESSIVE;
				GCC_WARN_UNUSED_FUNCTION = YES;
				GCC_WARN_UNUSED_VARIABLE = YES;
				IPHONEOS_DEPLOYMENT_TARGET = 8.0;
				MTL_ENABLE_DEBUG_INFO = YES;
				ONLY_ACTIVE_ARCH = YES;
				SDKROOT = iphoneos;
			};
			name = Debug;
		};
		795A0D221F02336F00F02FB4 /* Release */ = {
			isa = XCBuildConfiguration;
			buildSettings = {
				ALWAYS_SEARCH_USER_PATHS = NO;
				CLANG_ANALYZER_NONNULL = YES;
				CLANG_ANALYZER_NUMBER_OBJECT_CONVERSION = YES_AGGRESSIVE;
				CLANG_CXX_LANGUAGE_STANDARD = "gnu++0x";
				CLANG_CXX_LIBRARY = "libc++";
				CLANG_ENABLE_MODULES = YES;
				CLANG_ENABLE_OBJC_ARC = YES;
				CLANG_WARN_BOOL_CONVERSION = YES;
				CLANG_WARN_CONSTANT_CONVERSION = YES;
				CLANG_WARN_DIRECT_OBJC_ISA_USAGE = YES_ERROR;
				CLANG_WARN_DOCUMENTATION_COMMENTS = YES;
				CLANG_WARN_EMPTY_BODY = YES;
				CLANG_WARN_ENUM_CONVERSION = YES;
				CLANG_WARN_INFINITE_RECURSION = YES;
				CLANG_WARN_INT_CONVERSION = YES;
				CLANG_WARN_OBJC_ROOT_CLASS = YES_ERROR;
				CLANG_WARN_SUSPICIOUS_MOVE = YES;
				CLANG_WARN_UNREACHABLE_CODE = YES;
				CLANG_WARN__DUPLICATE_METHOD_MATCH = YES;
				"CODE_SIGN_IDENTITY[sdk=iphoneos*]" = "iPhone Developer";
				COPY_PHASE_STRIP = NO;
				DEBUG_INFORMATION_FORMAT = "dwarf-with-dsym";
				ENABLE_NS_ASSERTIONS = NO;
				ENABLE_STRICT_OBJC_MSGSEND = YES;
				GCC_C_LANGUAGE_STANDARD = gnu99;
				GCC_NO_COMMON_BLOCKS = YES;
				GCC_WARN_64_TO_32_BIT_CONVERSION = YES;
				GCC_WARN_ABOUT_RETURN_TYPE = YES_ERROR;
				GCC_WARN_UNDECLARED_SELECTOR = YES;
				GCC_WARN_UNINITIALIZED_AUTOS = YES_AGGRESSIVE;
				GCC_WARN_UNUSED_FUNCTION = YES;
				GCC_WARN_UNUSED_VARIABLE = YES;
				IPHONEOS_DEPLOYMENT_TARGET = 8.0;
				MTL_ENABLE_DEBUG_INFO = NO;
				SDKROOT = iphoneos;
				VALIDATE_PRODUCT = YES;
			};
			name = Release;
		};
		795A0D241F02336F00F02FB4 /* Debug */ = {
			isa = XCBuildConfiguration;
			baseConfigurationReference = 3A0453F26E7CBE4938420C33 /* Pods-JustWay.debug.xcconfig */;
			buildSettings = {
				ASSETCATALOG_COMPILER_APPICON_NAME = AppIcon;
				DEVELOPMENT_TEAM = UVTAS8R4A5;
				GCC_PRECOMPILE_PREFIX_HEADER = YES;
				GCC_PREFIX_HEADER = JustWay/Classes/Other/Common/PrefixHeader.pch;
				INFOPLIST_FILE = JustWay/Info.plist;
				IPHONEOS_DEPLOYMENT_TARGET = 8.0;
				LD_RUNPATH_SEARCH_PATHS = "$(inherited) @executable_path/Frameworks";
				PRODUCT_BUNDLE_IDENTIFIER = org.hejun.JustWay;
				PRODUCT_NAME = "$(TARGET_NAME)";
			};
			name = Debug;
		};
		795A0D251F02336F00F02FB4 /* Release */ = {
			isa = XCBuildConfiguration;
			baseConfigurationReference = 79DB9D0F2F47E828322B8B57 /* Pods-JustWay.release.xcconfig */;
			buildSettings = {
				ASSETCATALOG_COMPILER_APPICON_NAME = AppIcon;
				DEVELOPMENT_TEAM = UVTAS8R4A5;
				GCC_PRECOMPILE_PREFIX_HEADER = YES;
				GCC_PREFIX_HEADER = JustWay/Classes/Other/Common/PrefixHeader.pch;
				INFOPLIST_FILE = JustWay/Info.plist;
				IPHONEOS_DEPLOYMENT_TARGET = 8.0;
				LD_RUNPATH_SEARCH_PATHS = "$(inherited) @executable_path/Frameworks";
				PRODUCT_BUNDLE_IDENTIFIER = org.hejun.JustWay;
				PRODUCT_NAME = "$(TARGET_NAME)";
			};
			name = Release;
		};
		795A0D271F02336F00F02FB4 /* Debug */ = {
			isa = XCBuildConfiguration;
			baseConfigurationReference = D934A630CD2C491B9221004B /* Pods-JustWayTests.debug.xcconfig */;
			buildSettings = {
				BUNDLE_LOADER = "$(TEST_HOST)";
				DEVELOPMENT_TEAM = UVTAS8R4A5;
				INFOPLIST_FILE = JustWayTests/Info.plist;
				LD_RUNPATH_SEARCH_PATHS = "$(inherited) @executable_path/Frameworks @loader_path/Frameworks";
				PRODUCT_BUNDLE_IDENTIFIER = org.hejun.JustWayTests;
				PRODUCT_NAME = "$(TARGET_NAME)";
				TEST_HOST = "$(BUILT_PRODUCTS_DIR)/JustWay.app/JustWay";
			};
			name = Debug;
		};
		795A0D281F02336F00F02FB4 /* Release */ = {
			isa = XCBuildConfiguration;
			baseConfigurationReference = 59820CA5EDA4B4D5E1F20705 /* Pods-JustWayTests.release.xcconfig */;
			buildSettings = {
				BUNDLE_LOADER = "$(TEST_HOST)";
				DEVELOPMENT_TEAM = UVTAS8R4A5;
				INFOPLIST_FILE = JustWayTests/Info.plist;
				LD_RUNPATH_SEARCH_PATHS = "$(inherited) @executable_path/Frameworks @loader_path/Frameworks";
				PRODUCT_BUNDLE_IDENTIFIER = org.hejun.JustWayTests;
				PRODUCT_NAME = "$(TARGET_NAME)";
				TEST_HOST = "$(BUILT_PRODUCTS_DIR)/JustWay.app/JustWay";
			};
			name = Release;
		};
		795A0D2A1F02336F00F02FB4 /* Debug */ = {
			isa = XCBuildConfiguration;
			baseConfigurationReference = B486C229E8BF6F76F5885B55 /* Pods-JustWayUITests.debug.xcconfig */;
			buildSettings = {
				DEVELOPMENT_TEAM = UVTAS8R4A5;
				INFOPLIST_FILE = JustWayUITests/Info.plist;
				LD_RUNPATH_SEARCH_PATHS = "$(inherited) @executable_path/Frameworks @loader_path/Frameworks";
				PRODUCT_BUNDLE_IDENTIFIER = org.hejun.JustWayUITests;
				PRODUCT_NAME = "$(TARGET_NAME)";
				TEST_TARGET_NAME = JustWay;
			};
			name = Debug;
		};
		795A0D2B1F02336F00F02FB4 /* Release */ = {
			isa = XCBuildConfiguration;
			baseConfigurationReference = 0E3F7CC21FC24A2AD0E60233 /* Pods-JustWayUITests.release.xcconfig */;
			buildSettings = {
				DEVELOPMENT_TEAM = UVTAS8R4A5;
				INFOPLIST_FILE = JustWayUITests/Info.plist;
				LD_RUNPATH_SEARCH_PATHS = "$(inherited) @executable_path/Frameworks @loader_path/Frameworks";
				PRODUCT_BUNDLE_IDENTIFIER = org.hejun.JustWayUITests;
				PRODUCT_NAME = "$(TARGET_NAME)";
				TEST_TARGET_NAME = JustWay;
			};
			name = Release;
		};
/* End XCBuildConfiguration section */

/* Begin XCConfigurationList section */
		795A0CF11F02336F00F02FB4 /* Build configuration list for PBXProject "JustWay" */ = {
			isa = XCConfigurationList;
			buildConfigurations = (
				795A0D211F02336F00F02FB4 /* Debug */,
				795A0D221F02336F00F02FB4 /* Release */,
			);
			defaultConfigurationIsVisible = 0;
			defaultConfigurationName = Release;
		};
		795A0D231F02336F00F02FB4 /* Build configuration list for PBXNativeTarget "JustWay" */ = {
			isa = XCConfigurationList;
			buildConfigurations = (
				795A0D241F02336F00F02FB4 /* Debug */,
				795A0D251F02336F00F02FB4 /* Release */,
			);
			defaultConfigurationIsVisible = 0;
			defaultConfigurationName = Release;
		};
		795A0D261F02336F00F02FB4 /* Build configuration list for PBXNativeTarget "JustWayTests" */ = {
			isa = XCConfigurationList;
			buildConfigurations = (
				795A0D271F02336F00F02FB4 /* Debug */,
				795A0D281F02336F00F02FB4 /* Release */,
			);
			defaultConfigurationIsVisible = 0;
			defaultConfigurationName = Release;
		};
		795A0D291F02336F00F02FB4 /* Build configuration list for PBXNativeTarget "JustWayUITests" */ = {
			isa = XCConfigurationList;
			buildConfigurations = (
				795A0D2A1F02336F00F02FB4 /* Debug */,
				795A0D2B1F02336F00F02FB4 /* Release */,
			);
			defaultConfigurationIsVisible = 0;
			defaultConfigurationName = Release;
		};
/* End XCConfigurationList section */
	};
	rootObject = 795A0CEE1F02336F00F02FB4 /* Project object */;
}
